// !$*UTF8*$!
{
	archiveVersion = 1;
	classes = {
	};
	objectVersion = 46;
	objects = {

/* Begin PBXBuildFile section */
		00F00723187D3C09007224A5 /* Foundation.framework in Frameworks */ = {isa = PBXBuildFile; fileRef = 00F00722187D3C09007224A5 /* Foundation.framework */; };
		00F00725187D3C09007224A5 /* CoreGraphics.framework in Frameworks */ = {isa = PBXBuildFile; fileRef = 00F00724187D3C09007224A5 /* CoreGraphics.framework */; };
		00F00727187D3C09007224A5 /* UIKit.framework in Frameworks */ = {isa = PBXBuildFile; fileRef = 00F00726187D3C09007224A5 /* UIKit.framework */; };
		00F0072D187D3C09007224A5 /* InfoPlist.strings in Resources */ = {isa = PBXBuildFile; fileRef = 00F0072B187D3C09007224A5 /* InfoPlist.strings */; };
		00F0072F187D3C09007224A5 /* main.m in Sources */ = {isa = PBXBuildFile; fileRef = 00F0072E187D3C09007224A5 /* main.m */; };
		00F00733187D3C09007224A5 /* AppDelegate.m in Sources */ = {isa = PBXBuildFile; fileRef = 00F00732187D3C09007224A5 /* AppDelegate.m */; };
		00F00736187D3C09007224A5 /* Main.storyboard in Resources */ = {isa = PBXBuildFile; fileRef = 00F00734187D3C09007224A5 /* Main.storyboard */; };
		00F00739187D3C09007224A5 /* ViewController.m in Sources */ = {isa = PBXBuildFile; fileRef = 00F00738187D3C09007224A5 /* ViewController.m */; };
		00F0073B187D3C09007224A5 /* Images.xcassets in Resources */ = {isa = PBXBuildFile; fileRef = 00F0073A187D3C09007224A5 /* Images.xcassets */; };
		00F00742187D3C09007224A5 /* XCTest.framework in Frameworks */ = {isa = PBXBuildFile; fileRef = 00F00741187D3C09007224A5 /* XCTest.framework */; };
		00F00743187D3C09007224A5 /* Foundation.framework in Frameworks */ = {isa = PBXBuildFile; fileRef = 00F00722187D3C09007224A5 /* Foundation.framework */; };
		00F00744187D3C09007224A5 /* UIKit.framework in Frameworks */ = {isa = PBXBuildFile; fileRef = 00F00726187D3C09007224A5 /* UIKit.framework */; };
		00F0074C187D3C09007224A5 /* InfoPlist.strings in Resources */ = {isa = PBXBuildFile; fileRef = 00F0074A187D3C09007224A5 /* InfoPlist.strings */; };
		00F0074E187D3C09007224A5 /* day9_3_3_8_154p_bettingGameTests.m in Sources */ = {isa = PBXBuildFile; fileRef = 00F0074D187D3C09007224A5 /* day9_3_3_8_154p_bettingGameTests.m */; };
/* End PBXBuildFile section */

/* Begin PBXContainerItemProxy section */
		00F00745187D3C09007224A5 /* PBXContainerItemProxy */ = {
			isa = PBXContainerItemProxy;
			containerPortal = 00F00717187D3C09007224A5 /* Project object */;
			proxyType = 1;
			remoteGlobalIDString = 00F0071E187D3C09007224A5;
			remoteInfo = day9_3_3_8_154p_bettingGame;
		};
/* End PBXContainerItemProxy section */

/* Begin PBXFileReference section */
		00F0071F187D3C09007224A5 /* day9_3_3_8_154p_bettingGame.app */ = {isa = PBXFileReference; explicitFileType = wrapper.application; includeInIndex = 0; path = day9_3_3_8_154p_bettingGame.app; sourceTree = BUILT_PRODUCTS_DIR; };
		00F00722187D3C09007224A5 /* Foundation.framework */ = {isa = PBXFileReference; lastKnownFileType = wrapper.framework; name = Foundation.framework; path = System/Library/Frameworks/Foundation.framework; sourceTree = SDKROOT; };
		00F00724187D3C09007224A5 /* CoreGraphics.framework */ = {isa = PBXFileReference; lastKnownFileType = wrapper.framework; name = CoreGraphics.framework; path = System/Library/Frameworks/CoreGraphics.framework; sourceTree = SDKROOT; };
		00F00726187D3C09007224A5 /* UIKit.framework */ = {isa = PBXFileReference; lastKnownFileType = wrapper.framework; name = UIKit.framework; path = System/Library/Frameworks/UIKit.framework; sourceTree = SDKROOT; };
		00F0072A187D3C09007224A5 /* day9_3_3_8_154p_bettingGame-Info.plist */ = {isa = PBXFileReference; lastKnownFileType = text.plist.xml; path = "day9_3_3_8_154p_bettingGame-Info.plist"; sourceTree = "<group>"; };
		00F0072C187D3C09007224A5 /* en */ = {isa = PBXFileReference; lastKnownFileType = text.plist.strings; name = en; path = en.lproj/InfoPlist.strings; sourceTree = "<group>"; };
		00F0072E187D3C09007224A5 /* main.m */ = {isa = PBXFileReference; lastKnownFileType = sourcecode.c.objc; path = main.m; sourceTree = "<group>"; };
		00F00730187D3C09007224A5 /* day9_3_3_8_154p_bettingGame-Prefix.pch */ = {isa = PBXFileReference; lastKnownFileType = sourcecode.c.h; path = "day9_3_3_8_154p_bettingGame-Prefix.pch"; sourceTree = "<group>"; };
		00F00731187D3C09007224A5 /* AppDelegate.h */ = {isa = PBXFileReference; lastKnownFileType = sourcecode.c.h; path = AppDelegate.h; sourceTree = "<group>"; };
		00F00732187D3C09007224A5 /* AppDelegate.m */ = {isa = PBXFileReference; lastKnownFileType = sourcecode.c.objc; path = AppDelegate.m; sourceTree = "<group>"; };
		00F00735187D3C09007224A5 /* Base */ = {isa = PBXFileReference; lastKnownFileType = file.storyboard; name = Base; path = Base.lproj/Main.storyboard; sourceTree = "<group>"; };
		00F00737187D3C09007224A5 /* ViewController.h */ = {isa = PBXFileReference; lastKnownFileType = sourcecode.c.h; path = ViewController.h; sourceTree = "<group>"; };
		00F00738187D3C09007224A5 /* ViewController.m */ = {isa = PBXFileReference; lastKnownFileType = sourcecode.c.objc; path = ViewController.m; sourceTree = "<group>"; };
		00F0073A187D3C09007224A5 /* Images.xcassets */ = {isa = PBXFileReference; lastKnownFileType = folder.assetcatalog; path = Images.xcassets; sourceTree = "<group>"; };
		00F00740187D3C09007224A5 /* day9_3_3_8_154p_bettingGameTests.xctest */ = {isa = PBXFileReference; explicitFileType = wrapper.cfbundle; includeInIndex = 0; path = day9_3_3_8_154p_bettingGameTests.xctest; sourceTree = BUILT_PRODUCTS_DIR; };
		00F00741187D3C09007224A5 /* XCTest.framework */ = {isa = PBXFileReference; lastKnownFileType = wrapper.framework; name = XCTest.framework; path = Library/Frameworks/XCTest.framework; sourceTree = DEVELOPER_DIR; };
		00F00749187D3C09007224A5 /* day9_3_3_8_154p_bettingGameTests-Info.plist */ = {isa = PBXFileReference; lastKnownFileType = text.plist.xml; path = "day9_3_3_8_154p_bettingGameTests-Info.plist"; sourceTree = "<group>"; };
		00F0074B187D3C09007224A5 /* en */ = {isa = PBXFileReference; lastKnownFileType = text.plist.strings; name = en; path = en.lproj/InfoPlist.strings; sourceTree = "<group>"; };
		00F0074D187D3C09007224A5 /* day9_3_3_8_154p_bettingGameTests.m */ = {isa = PBXFileReference; lastKnownFileType = sourcecode.c.objc; path = day9_3_3_8_154p_bettingGameTests.m; sourceTree = "<group>"; };
/* End PBXFileReference section */

/* Begin PBXFrameworksBuildPhase section */
		00F0071C187D3C09007224A5 /* Frameworks */ = {
			isa = PBXFrameworksBuildPhase;
			buildActionMask = 2147483647;
			files = (
				00F00725187D3C09007224A5 /* CoreGraphics.framework in Frameworks */,
				00F00727187D3C09007224A5 /* UIKit.framework in Frameworks */,
				00F00723187D3C09007224A5 /* Foundation.framework in Frameworks */,
			);
			runOnlyForDeploymentPostprocessing = 0;
		};
		00F0073D187D3C09007224A5 /* Frameworks */ = {
			isa = PBXFrameworksBuildPhase;
			buildActionMask = 2147483647;
			files = (
				00F00742187D3C09007224A5 /* XCTest.framework in Frameworks */,
				00F00744187D3C09007224A5 /* UIKit.framework in Frameworks */,
				00F00743187D3C09007224A5 /* Foundation.framework in Frameworks */,
			);
			runOnlyForDeploymentPostprocessing = 0;
		};
/* End PBXFrameworksBuildPhase section */

/* Begin PBXGroup section */
		00F00716187D3C09007224A5 = {
			isa = PBXGroup;
			children = (
				00F00728187D3C09007224A5 /* day9_3_3_8_154p_bettingGame */,
				00F00747187D3C09007224A5 /* day9_3_3_8_154p_bettingGameTests */,
				00F00721187D3C09007224A5 /* Frameworks */,
				00F00720187D3C09007224A5 /* Products */,
			);
			sourceTree = "<group>";
		};
		00F00720187D3C09007224A5 /* Products */ = {
			isa = PBXGroup;
			children = (
				00F0071F187D3C09007224A5 /* day9_3_3_8_154p_bettingGame.app */,
				00F00740187D3C09007224A5 /* day9_3_3_8_154p_bettingGameTests.xctest */,
			);
			name = Products;
			sourceTree = "<group>";
		};
		00F00721187D3C09007224A5 /* Frameworks */ = {
			isa = PBXGroup;
			children = (
				00F00722187D3C09007224A5 /* Foundation.framework */,
				00F00724187D3C09007224A5 /* CoreGraphics.framework */,
				00F00726187D3C09007224A5 /* UIKit.framework */,
				00F00741187D3C09007224A5 /* XCTest.framework */,
			);
			name = Frameworks;
			sourceTree = "<group>";
		};
		00F00728187D3C09007224A5 /* day9_3_3_8_154p_bettingGame */ = {
			isa = PBXGroup;
			children = (
				00F00731187D3C09007224A5 /* AppDelegate.h */,
				00F00732187D3C09007224A5 /* AppDelegate.m */,
				00F00734187D3C09007224A5 /* Main.storyboard */,
				00F00737187D3C09007224A5 /* ViewController.h */,
				00F00738187D3C09007224A5 /* ViewController.m */,
				00F0073A187D3C09007224A5 /* Images.xcassets */,
				00F00729187D3C09007224A5 /* Supporting Files */,
			);
			path = day9_3_3_8_154p_bettingGame;
			sourceTree = "<group>";
		};
		00F00729187D3C09007224A5 /* Supporting Files */ = {
			isa = PBXGroup;
			children = (
				00F0072A187D3C09007224A5 /* day9_3_3_8_154p_bettingGame-Info.plist */,
				00F0072B187D3C09007224A5 /* InfoPlist.strings */,
				00F0072E187D3C09007224A5 /* main.m */,
				00F00730187D3C09007224A5 /* day9_3_3_8_154p_bettingGame-Prefix.pch */,
			);
			name = "Supporting Files";
			sourceTree = "<group>";
		};
		00F00747187D3C09007224A5 /* day9_3_3_8_154p_bettingGameTests */ = {
			isa = PBXGroup;
			children = (
				00F0074D187D3C09007224A5 /* day9_3_3_8_154p_bettingGameTests.m */,
				00F00748187D3C09007224A5 /* Supporting Files */,
			);
			path = day9_3_3_8_154p_bettingGameTests;
			sourceTree = "<group>";
		};
		00F00748187D3C09007224A5 /* Supporting Files */ = {
			isa = PBXGroup;
			children = (
				00F00749187D3C09007224A5 /* day9_3_3_8_154p_bettingGameTests-Info.plist */,
				00F0074A187D3C09007224A5 /* InfoPlist.strings */,
			);
			name = "Supporting Files";
			sourceTree = "<group>";
		};
/* End PBXGroup section */

/* Begin PBXNativeTarget section */
		00F0071E187D3C09007224A5 /* day9_3_3_8_154p_bettingGame */ = {
			isa = PBXNativeTarget;
			buildConfigurationList = 00F00751187D3C09007224A5 /* Build configuration list for PBXNativeTarget "day9_3_3_8_154p_bettingGame" */;
			buildPhases = (
				00F0071B187D3C09007224A5 /* Sources */,
				00F0071C187D3C09007224A5 /* Frameworks */,
				00F0071D187D3C09007224A5 /* Resources */,
			);
			buildRules = (
			);
			dependencies = (
			);
			name = day9_3_3_8_154p_bettingGame;
			productName = day9_3_3_8_154p_bettingGame;
			productReference = 00F0071F187D3C09007224A5 /* day9_3_3_8_154p_bettingGame.app */;
			productType = "com.apple.product-type.application";
		};
		00F0073F187D3C09007224A5 /* day9_3_3_8_154p_bettingGameTests */ = {
			isa = PBXNativeTarget;
			buildConfigurationList = 00F00754187D3C09007224A5 /* Build configuration list for PBXNativeTarget "day9_3_3_8_154p_bettingGameTests" */;
			buildPhases = (
				00F0073C187D3C09007224A5 /* Sources */,
				00F0073D187D3C09007224A5 /* Frameworks */,
				00F0073E187D3C09007224A5 /* Resources */,
			);
			buildRules = (
			);
			dependencies = (
				00F00746187D3C09007224A5 /* PBXTargetDependency */,
			);
			name = day9_3_3_8_154p_bettingGameTests;
			productName = day9_3_3_8_154p_bettingGameTests;
			productReference = 00F00740187D3C09007224A5 /* day9_3_3_8_154p_bettingGameTests.xctest */;
			productType = "com.apple.product-type.bundle.unit-test";
		};
/* End PBXNativeTarget section */

/* Begin PBXProject section */
		00F00717187D3C09007224A5 /* Project object */ = {
			isa = PBXProject;
			attributes = {
				LastUpgradeCheck = 0500;
				ORGANIZATIONNAME = "SDT-1";
				TargetAttributes = {
					00F0073F187D3C09007224A5 = {
						TestTargetID = 00F0071E187D3C09007224A5;
					};
				};
			};
			buildConfigurationList = 00F0071A187D3C09007224A5 /* Build configuration list for PBXProject "day9_3_3_8_154p_bettingGame" */;
			compatibilityVersion = "Xcode 3.2";
			developmentRegion = English;
			hasScannedForEncodings = 0;
			knownRegions = (
				en,
				Base,
			);
			mainGroup = 00F00716187D3C09007224A5;
			productRefGroup = 00F00720187D3C09007224A5 /* Products */;
			projectDirPath = "";
			projectRoot = "";
			targets = (
				00F0071E187D3C09007224A5 /* day9_3_3_8_154p_bettingGame */,
				00F0073F187D3C09007224A5 /* day9_3_3_8_154p_bettingGameTests */,
			);
		};
/* End PBXProject section */

/* Begin PBXResourcesBuildPhase section */
		00F0071D187D3C09007224A5 /* Resources */ = {
			isa = PBXResourcesBuildPhase;
			buildActionMask = 2147483647;
			files = (
				00F0073B187D3C09007224A5 /* Images.xcassets in Resources */,
				00F0072D187D3C09007224A5 /* InfoPlist.strings in Resources */,
				00F00736187D3C09007224A5 /* Main.storyboard in Resources */,
			);
			runOnlyForDeploymentPostprocessing = 0;
		};
		00F0073E187D3C09007224A5 /* Resources */ = {
			isa = PBXResourcesBuildPhase;
			buildActionMask = 2147483647;
			files = (
				00F0074C187D3C09007224A5 /* InfoPlist.strings in Resources */,
			);
			runOnlyForDeploymentPostprocessing = 0;
		};
/* End PBXResourcesBuildPhase section */

/* Begin PBXSourcesBuildPhase section */
		00F0071B187D3C09007224A5 /* Sources */ = {
			isa = PBXSourcesBuildPhase;
			buildActionMask = 2147483647;
			files = (
				00F00739187D3C09007224A5 /* ViewController.m in Sources */,
				00F00733187D3C09007224A5 /* AppDelegate.m in Sources */,
				00F0072F187D3C09007224A5 /* main.m in Sources */,
			);
			runOnlyForDeploymentPostprocessing = 0;
		};
		00F0073C187D3C09007224A5 /* Sources */ = {
			isa = PBXSourcesBuildPhase;
			buildActionMask = 2147483647;
			files = (
				00F0074E187D3C09007224A5 /* day9_3_3_8_154p_bettingGameTests.m in Sources */,
			);
			runOnlyForDeploymentPostprocessing = 0;
		};
/* End PBXSourcesBuildPhase section */

/* Begin PBXTargetDependency section */
		00F00746187D3C09007224A5 /* PBXTargetDependency */ = {
			isa = PBXTargetDependency;
			target = 00F0071E187D3C09007224A5 /* day9_3_3_8_154p_bettingGame */;
			targetProxy = 00F00745187D3C09007224A5 /* PBXContainerItemProxy */;
		};
/* End PBXTargetDependency section */

/* Begin PBXVariantGroup section */
		00F0072B187D3C09007224A5 /* InfoPlist.strings */ = {
			isa = PBXVariantGroup;
			children = (
				00F0072C187D3C09007224A5 /* en */,
			);
			name = InfoPlist.strings;
			sourceTree = "<group>";
		};
		00F00734187D3C09007224A5 /* Main.storyboard */ = {
			isa = PBXVariantGroup;
			children = (
				00F00735187D3C09007224A5 /* Base */,
			);
			name = Main.storyboard;
			sourceTree = "<group>";
		};
		00F0074A187D3C09007224A5 /* InfoPlist.strings */ = {
			isa = PBXVariantGroup;
			children = (
				00F0074B187D3C09007224A5 /* en */,
			);
			name = InfoPlist.strings;
			sourceTree = "<group>";
		};
/* End PBXVariantGroup section */

/* Begin XCBuildConfiguration section */
		00F0074F187D3C09007224A5 /* Debug */ = {
			isa = XCBuildConfiguration;
			buildSettings = {
				ALWAYS_SEARCH_USER_PATHS = NO;
				ARCHS = "$(ARCHS_STANDARD_INCLUDING_64_BIT)";
				CLANG_CXX_LANGUAGE_STANDARD = "gnu++0x";
				CLANG_CXX_LIBRARY = "libc++";
				CLANG_ENABLE_MODULES = YES;
				CLANG_ENABLE_OBJC_ARC = YES;
				CLANG_WARN_BOOL_CONVERSION = YES;
				CLANG_WARN_CONSTANT_CONVERSION = YES;
				CLANG_WARN_DIRECT_OBJC_ISA_USAGE = YES_ERROR;
				CLANG_WARN_EMPTY_BODY = YES;
				CLANG_WARN_ENUM_CONVERSION = YES;
				CLANG_WARN_INT_CONVERSION = YES;
				CLANG_WARN_OBJC_ROOT_CLASS = YES_ERROR;
				CLANG_WARN__DUPLICATE_METHOD_MATCH = YES;
				"CODE_SIGN_IDENTITY[sdk=iphoneos*]" = "iPhone Developer";
				COPY_PHASE_STRIP = NO;
				GCC_C_LANGUAGE_STANDARD = gnu99;
				GCC_DYNAMIC_NO_PIC = NO;
				GCC_OPTIMIZATION_LEVEL = 0;
				GCC_PREPROCESSOR_DEFINITIONS = (
					"DEBUG=1",
					"$(inherited)",
				);
				GCC_SYMBOLS_PRIVATE_EXTERN = NO;
				GCC_WARN_64_TO_32_BIT_CONVERSION = YES;
				GCC_WARN_ABOUT_RETURN_TYPE = YES_ERROR;
				GCC_WARN_UNDECLARED_SELECTOR = YES;
				GCC_WARN_UNINITIALIZED_AUTOS = YES;
				GCC_WARN_UNUSED_FUNCTION = YES;
				GCC_WARN_UNUSED_VARIABLE = YES;
				IPHONEOS_DEPLOYMENT_TARGET = 7.0;
				ONLY_ACTIVE_ARCH = YES;
				SDKROOT = iphoneos;
			};
			name = Debug;
		};
		00F00750187D3C09007224A5 /* Release */ = {
			isa = XCBuildConfiguration;
			buildSettings = {
				ALWAYS_SEARCH_USER_PATHS = NO;
				ARCHS = "$(ARCHS_STANDARD_INCLUDING_64_BIT)";
				CLANG_CXX_LANGUAGE_STANDARD = "gnu++0x";
				CLANG_CXX_LIBRARY = "libc++";
				CLANG_ENABLE_MODULES = YES;
				CLANG_ENABLE_OBJC_ARC = YES;
				CLANG_WARN_BOOL_CONVERSION = YES;
				CLANG_WARN_CONSTANT_CONVERSION = YES;
				CLANG_WARN_DIRECT_OBJC_ISA_USAGE = YES_ERROR;
				CLANG_WARN_EMPTY_BODY = YES;
				CLANG_WARN_ENUM_CONVERSION = YES;
				CLANG_WARN_INT_CONVERSION = YES;
				CLANG_WARN_OBJC_ROOT_CLASS = YES_ERROR;
				CLANG_WARN__DUPLICATE_METHOD_MATCH = YES;
				"CODE_SIGN_IDENTITY[sdk=iphoneos*]" = "iPhone Developer";
				COPY_PHASE_STRIP = YES;
				ENABLE_NS_ASSERTIONS = NO;
				GCC_C_LANGUAGE_STANDARD = gnu99;
				GCC_WARN_64_TO_32_BIT_CONVERSION = YES;
				GCC_WARN_ABOUT_RETURN_TYPE = YES_ERROR;
				GCC_WARN_UNDECLARED_SELECTOR = YES;
				GCC_WARN_UNINITIALIZED_AUTOS = YES;
				GCC_WARN_UNUSED_FUNCTION = YES;
				GCC_WARN_UNUSED_VARIABLE = YES;
				IPHONEOS_DEPLOYMENT_TARGET = 7.0;
				SDKROOT = iphoneos;
				VALIDATE_PRODUCT = YES;
			};
			name = Release;
		};
		00F00752187D3C09007224A5 /* Debug */ = {
			isa = XCBuildConfiguration;
			buildSettings = {
				ASSETCATALOG_COMPILER_APPICON_NAME = AppIcon;
				ASSETCATALOG_COMPILER_LAUNCHIMAGE_NAME = LaunchImage;
				GCC_PRECOMPILE_PREFIX_HEADER = YES;
				GCC_PREFIX_HEADER = "day9_3_3_8_154p_bettingGame/day9_3_3_8_154p_bettingGame-Prefix.pch";
				INFOPLIST_FILE = "day9_3_3_8_154p_bettingGame/day9_3_3_8_154p_bettingGame-Info.plist";
				PRODUCT_NAME = "$(TARGET_NAME)";
				WRAPPER_EXTENSION = app;
			};
			name = Debug;
		};
		00F00753187D3C09007224A5 /* Release */ = {
			isa = XCBuildConfiguration;
			buildSettings = {
				ASSETCATALOG_COMPILER_APPICON_NAME = AppIcon;
				ASSETCATALOG_COMPILER_LAUNCHIMAGE_NAME = LaunchImage;
				GCC_PRECOMPILE_PREFIX_HEADER = YES;
				GCC_PREFIX_HEADER = "day9_3_3_8_154p_bettingGame/day9_3_3_8_154p_bettingGame-Prefix.pch";
				INFOPLIST_FILE = "day9_3_3_8_154p_bettingGame/day9_3_3_8_154p_bettingGame-Info.plist";
				PRODUCT_NAME = "$(TARGET_NAME)";
				WRAPPER_EXTENSION = app;
			};
			name = Release;
		};
		00F00755187D3C09007224A5 /* Debug */ = {
			isa = XCBuildConfiguration;
			buildSettings = {
				ARCHS = "$(ARCHS_STANDARD_INCLUDING_64_BIT)";
				BUNDLE_LOADER = "$(BUILT_PRODUCTS_DIR)/day9_3_3_8_154p_bettingGame.app/day9_3_3_8_154p_bettingGame";
				FRAMEWORK_SEARCH_PATHS = (
					"$(SDKROOT)/Developer/Library/Frameworks",
					"$(inherited)",
					"$(DEVELOPER_FRAMEWORKS_DIR)",
				);
				GCC_PRECOMPILE_PREFIX_HEADER = YES;
				GCC_PREFIX_HEADER = "day9_3_3_8_154p_bettingGame/day9_3_3_8_154p_bettingGame-Prefix.pch";
				GCC_PREPROCESSOR_DEFINITIONS = (
					"DEBUG=1",
					"$(inherited)",
				);
				INFOPLIST_FILE = "day9_3_3_8_154p_bettingGameTests/day9_3_3_8_154p_bettingGameTests-Info.plist";
				PRODUCT_NAME = "$(TARGET_NAME)";
				TEST_HOST = "$(BUNDLE_LOADER)";
				WRAPPER_EXTENSION = xctest;
			};
			name = Debug;
		};
		00F00756187D3C09007224A5 /* Release */ = {
			isa = XCBuildConfiguration;
			buildSettings = {
				ARCHS = "$(ARCHS_STANDARD_INCLUDING_64_BIT)";
				BUNDLE_LOADER = "$(BUILT_PRODUCTS_DIR)/day9_3_3_8_154p_bettingGame.app/day9_3_3_8_154p_bettingGame";
				FRAMEWORK_SEARCH_PATHS = (
					"$(SDKROOT)/Developer/Library/Frameworks",
					"$(inherited)",
					"$(DEVELOPER_FRAMEWORKS_DIR)",
				);
				GCC_PRECOMPILE_PREFIX_HEADER = YES;
				GCC_PREFIX_HEADER = "day9_3_3_8_154p_bettingGame/day9_3_3_8_154p_bettingGame-Prefix.pch";
				INFOPLIST_FILE = "day9_3_3_8_154p_bettingGameTests/day9_3_3_8_154p_bettingGameTests-Info.plist";
				PRODUCT_NAME = "$(TARGET_NAME)";
				TEST_HOST = "$(BUNDLE_LOADER)";
				WRAPPER_EXTENSION = xctest;
			};
			name = Release;
		};
/* End XCBuildConfiguration section */

/* Begin XCConfigurationList section */
		00F0071A187D3C09007224A5 /* Build configuration list for PBXProject "day9_3_3_8_154p_bettingGame" */ = {
			isa = XCConfigurationList;
			buildConfigurations = (
				00F0074F187D3C09007224A5 /* Debug */,
				00F00750187D3C09007224A5 /* Release */,
			);
			defaultConfigurationIsVisible = 0;
			defaultConfigurationName = Release;
		};
		00F00751187D3C09007224A5 /* Build configuration list for PBXNativeTarget "day9_3_3_8_154p_bettingGame" */ = {
			isa = XCConfigurationList;
			buildConfigurations = (
				00F00752187D3C09007224A5 /* Debug */,
				00F00753187D3C09007224A5 /* Release */,
			);
			defaultConfigurationIsVisible = 0;
		};
		00F00754187D3C09007224A5 /* Build configuration list for PBXNativeTarget "day9_3_3_8_154p_bettingGameTests" */ = {
			isa = XCConfigurationList;
			buildConfigurations = (
				00F00755187D3C09007224A5 /* Debug */,
				00F00756187D3C09007224A5 /* Release */,
			);
			defaultConfigurationIsVisible = 0;
		};
/* End XCConfigurationList section */
	};
	rootObject = 00F00717187D3C09007224A5 /* Project object */;
}
