// !$*UTF8*$!
{
	archiveVersion = 1;
	classes = {
	};
	objectVersion = 46;
	objects = {

/* Begin PBXBuildFile section */
		0021D1B7187AA04C009D95D7 /* Foundation.framework in Frameworks */ = {isa = PBXBuildFile; fileRef = 0021D1B6187AA04C009D95D7 /* Foundation.framework */; };
		0021D1B9187AA04C009D95D7 /* CoreGraphics.framework in Frameworks */ = {isa = PBXBuildFile; fileRef = 0021D1B8187AA04C009D95D7 /* CoreGraphics.framework */; };
		0021D1BB187AA04C009D95D7 /* UIKit.framework in Frameworks */ = {isa = PBXBuildFile; fileRef = 0021D1BA187AA04C009D95D7 /* UIKit.framework */; };
		0021D1C1187AA04C009D95D7 /* InfoPlist.strings in Resources */ = {isa = PBXBuildFile; fileRef = 0021D1BF187AA04C009D95D7 /* InfoPlist.strings */; };
		0021D1C3187AA04C009D95D7 /* main.m in Sources */ = {isa = PBXBuildFile; fileRef = 0021D1C2187AA04C009D95D7 /* main.m */; };
		0021D1C7187AA04C009D95D7 /* AppDelegate.m in Sources */ = {isa = PBXBuildFile; fileRef = 0021D1C6187AA04C009D95D7 /* AppDelegate.m */; };
		0021D1CA187AA04C009D95D7 /* Main.storyboard in Resources */ = {isa = PBXBuildFile; fileRef = 0021D1C8187AA04C009D95D7 /* Main.storyboard */; };
		0021D1CD187AA04C009D95D7 /* ViewController.m in Sources */ = {isa = PBXBuildFile; fileRef = 0021D1CC187AA04C009D95D7 /* ViewController.m */; };
		0021D1CF187AA04C009D95D7 /* Images.xcassets in Resources */ = {isa = PBXBuildFile; fileRef = 0021D1CE187AA04C009D95D7 /* Images.xcassets */; };
		0021D1D6187AA04C009D95D7 /* XCTest.framework in Frameworks */ = {isa = PBXBuildFile; fileRef = 0021D1D5187AA04C009D95D7 /* XCTest.framework */; };
		0021D1D7187AA04C009D95D7 /* Foundation.framework in Frameworks */ = {isa = PBXBuildFile; fileRef = 0021D1B6187AA04C009D95D7 /* Foundation.framework */; };
		0021D1D8187AA04C009D95D7 /* UIKit.framework in Frameworks */ = {isa = PBXBuildFile; fileRef = 0021D1BA187AA04C009D95D7 /* UIKit.framework */; };
		0021D1E0187AA04C009D95D7 /* InfoPlist.strings in Resources */ = {isa = PBXBuildFile; fileRef = 0021D1DE187AA04C009D95D7 /* InfoPlist.strings */; };
		0021D1E2187AA04C009D95D7 /* day8_178p_tableViewCellDeleteTestTests.m in Sources */ = {isa = PBXBuildFile; fileRef = 0021D1E1187AA04C009D95D7 /* day8_178p_tableViewCellDeleteTestTests.m */; };
/* End PBXBuildFile section */

/* Begin PBXContainerItemProxy section */
		0021D1D9187AA04C009D95D7 /* PBXContainerItemProxy */ = {
			isa = PBXContainerItemProxy;
			containerPortal = 0021D1AB187AA04C009D95D7 /* Project object */;
			proxyType = 1;
			remoteGlobalIDString = 0021D1B2187AA04C009D95D7;
			remoteInfo = day8_178p_tableViewCellDeleteTest;
		};
/* End PBXContainerItemProxy section */

/* Begin PBXFileReference section */
		0021D1B3187AA04C009D95D7 /* day8_178p_tableViewCellDeleteTest.app */ = {isa = PBXFileReference; explicitFileType = wrapper.application; includeInIndex = 0; path = day8_178p_tableViewCellDeleteTest.app; sourceTree = BUILT_PRODUCTS_DIR; };
		0021D1B6187AA04C009D95D7 /* Foundation.framework */ = {isa = PBXFileReference; lastKnownFileType = wrapper.framework; name = Foundation.framework; path = System/Library/Frameworks/Foundation.framework; sourceTree = SDKROOT; };
		0021D1B8187AA04C009D95D7 /* CoreGraphics.framework */ = {isa = PBXFileReference; lastKnownFileType = wrapper.framework; name = CoreGraphics.framework; path = System/Library/Frameworks/CoreGraphics.framework; sourceTree = SDKROOT; };
		0021D1BA187AA04C009D95D7 /* UIKit.framework */ = {isa = PBXFileReference; lastKnownFileType = wrapper.framework; name = UIKit.framework; path = System/Library/Frameworks/UIKit.framework; sourceTree = SDKROOT; };
		0021D1BE187AA04C009D95D7 /* day8_178p_tableViewCellDeleteTest-Info.plist */ = {isa = PBXFileReference; lastKnownFileType = text.plist.xml; path = "day8_178p_tableViewCellDeleteTest-Info.plist"; sourceTree = "<group>"; };
		0021D1C0187AA04C009D95D7 /* en */ = {isa = PBXFileReference; lastKnownFileType = text.plist.strings; name = en; path = en.lproj/InfoPlist.strings; sourceTree = "<group>"; };
		0021D1C2187AA04C009D95D7 /* main.m */ = {isa = PBXFileReference; lastKnownFileType = sourcecode.c.objc; path = main.m; sourceTree = "<group>"; };
		0021D1C4187AA04C009D95D7 /* day8_178p_tableViewCellDeleteTest-Prefix.pch */ = {isa = PBXFileReference; lastKnownFileType = sourcecode.c.h; path = "day8_178p_tableViewCellDeleteTest-Prefix.pch"; sourceTree = "<group>"; };
		0021D1C5187AA04C009D95D7 /* AppDelegate.h */ = {isa = PBXFileReference; lastKnownFileType = sourcecode.c.h; path = AppDelegate.h; sourceTree = "<group>"; };
		0021D1C6187AA04C009D95D7 /* AppDelegate.m */ = {isa = PBXFileReference; lastKnownFileType = sourcecode.c.objc; path = AppDelegate.m; sourceTree = "<group>"; };
		0021D1C9187AA04C009D95D7 /* Base */ = {isa = PBXFileReference; lastKnownFileType = file.storyboard; name = Base; path = Base.lproj/Main.storyboard; sourceTree = "<group>"; };
		0021D1CB187AA04C009D95D7 /* ViewController.h */ = {isa = PBXFileReference; lastKnownFileType = sourcecode.c.h; path = ViewController.h; sourceTree = "<group>"; };
		0021D1CC187AA04C009D95D7 /* ViewController.m */ = {isa = PBXFileReference; lastKnownFileType = sourcecode.c.objc; path = ViewController.m; sourceTree = "<group>"; };
		0021D1CE187AA04C009D95D7 /* Images.xcassets */ = {isa = PBXFileReference; lastKnownFileType = folder.assetcatalog; path = Images.xcassets; sourceTree = "<group>"; };
		0021D1D4187AA04C009D95D7 /* day8_178p_tableViewCellDeleteTestTests.xctest */ = {isa = PBXFileReference; explicitFileType = wrapper.cfbundle; includeInIndex = 0; path = day8_178p_tableViewCellDeleteTestTests.xctest; sourceTree = BUILT_PRODUCTS_DIR; };
		0021D1D5187AA04C009D95D7 /* XCTest.framework */ = {isa = PBXFileReference; lastKnownFileType = wrapper.framework; name = XCTest.framework; path = Library/Frameworks/XCTest.framework; sourceTree = DEVELOPER_DIR; };
		0021D1DD187AA04C009D95D7 /* day8_178p_tableViewCellDeleteTestTests-Info.plist */ = {isa = PBXFileReference; lastKnownFileType = text.plist.xml; path = "day8_178p_tableViewCellDeleteTestTests-Info.plist"; sourceTree = "<group>"; };
		0021D1DF187AA04C009D95D7 /* en */ = {isa = PBXFileReference; lastKnownFileType = text.plist.strings; name = en; path = en.lproj/InfoPlist.strings; sourceTree = "<group>"; };
		0021D1E1187AA04C009D95D7 /* day8_178p_tableViewCellDeleteTestTests.m */ = {isa = PBXFileReference; lastKnownFileType = sourcecode.c.objc; path = day8_178p_tableViewCellDeleteTestTests.m; sourceTree = "<group>"; };
/* End PBXFileReference section */

/* Begin PBXFrameworksBuildPhase section */
		0021D1B0187AA04C009D95D7 /* Frameworks */ = {
			isa = PBXFrameworksBuildPhase;
			buildActionMask = 2147483647;
			files = (
				0021D1B9187AA04C009D95D7 /* CoreGraphics.framework in Frameworks */,
				0021D1BB187AA04C009D95D7 /* UIKit.framework in Frameworks */,
				0021D1B7187AA04C009D95D7 /* Foundation.framework in Frameworks */,
			);
			runOnlyForDeploymentPostprocessing = 0;
		};
		0021D1D1187AA04C009D95D7 /* Frameworks */ = {
			isa = PBXFrameworksBuildPhase;
			buildActionMask = 2147483647;
			files = (
				0021D1D6187AA04C009D95D7 /* XCTest.framework in Frameworks */,
				0021D1D8187AA04C009D95D7 /* UIKit.framework in Frameworks */,
				0021D1D7187AA04C009D95D7 /* Foundation.framework in Frameworks */,
			);
			runOnlyForDeploymentPostprocessing = 0;
		};
/* End PBXFrameworksBuildPhase section */

/* Begin PBXGroup section */
		0021D1AA187AA04C009D95D7 = {
			isa = PBXGroup;
			children = (
				0021D1BC187AA04C009D95D7 /* day8_178p_tableViewCellDeleteTest */,
				0021D1DB187AA04C009D95D7 /* day8_178p_tableViewCellDeleteTestTests */,
				0021D1B5187AA04C009D95D7 /* Frameworks */,
				0021D1B4187AA04C009D95D7 /* Products */,
			);
			sourceTree = "<group>";
		};
		0021D1B4187AA04C009D95D7 /* Products */ = {
			isa = PBXGroup;
			children = (
				0021D1B3187AA04C009D95D7 /* day8_178p_tableViewCellDeleteTest.app */,
				0021D1D4187AA04C009D95D7 /* day8_178p_tableViewCellDeleteTestTests.xctest */,
			);
			name = Products;
			sourceTree = "<group>";
		};
		0021D1B5187AA04C009D95D7 /* Frameworks */ = {
			isa = PBXGroup;
			children = (
				0021D1B6187AA04C009D95D7 /* Foundation.framework */,
				0021D1B8187AA04C009D95D7 /* CoreGraphics.framework */,
				0021D1BA187AA04C009D95D7 /* UIKit.framework */,
				0021D1D5187AA04C009D95D7 /* XCTest.framework */,
			);
			name = Frameworks;
			sourceTree = "<group>";
		};
		0021D1BC187AA04C009D95D7 /* day8_178p_tableViewCellDeleteTest */ = {
			isa = PBXGroup;
			children = (
				0021D1C5187AA04C009D95D7 /* AppDelegate.h */,
				0021D1C6187AA04C009D95D7 /* AppDelegate.m */,
				0021D1C8187AA04C009D95D7 /* Main.storyboard */,
				0021D1CB187AA04C009D95D7 /* ViewController.h */,
				0021D1CC187AA04C009D95D7 /* ViewController.m */,
				0021D1CE187AA04C009D95D7 /* Images.xcassets */,
				0021D1BD187AA04C009D95D7 /* Supporting Files */,
			);
			path = day8_178p_tableViewCellDeleteTest;
			sourceTree = "<group>";
		};
		0021D1BD187AA04C009D95D7 /* Supporting Files */ = {
			isa = PBXGroup;
			children = (
				0021D1BE187AA04C009D95D7 /* day8_178p_tableViewCellDeleteTest-Info.plist */,
				0021D1BF187AA04C009D95D7 /* InfoPlist.strings */,
				0021D1C2187AA04C009D95D7 /* main.m */,
				0021D1C4187AA04C009D95D7 /* day8_178p_tableViewCellDeleteTest-Prefix.pch */,
			);
			name = "Supporting Files";
			sourceTree = "<group>";
		};
		0021D1DB187AA04C009D95D7 /* day8_178p_tableViewCellDeleteTestTests */ = {
			isa = PBXGroup;
			children = (
				0021D1E1187AA04C009D95D7 /* day8_178p_tableViewCellDeleteTestTests.m */,
				0021D1DC187AA04C009D95D7 /* Supporting Files */,
			);
			path = day8_178p_tableViewCellDeleteTestTests;
			sourceTree = "<group>";
		};
		0021D1DC187AA04C009D95D7 /* Supporting Files */ = {
			isa = PBXGroup;
			children = (
				0021D1DD187AA04C009D95D7 /* day8_178p_tableViewCellDeleteTestTests-Info.plist */,
				0021D1DE187AA04C009D95D7 /* InfoPlist.strings */,
			);
			name = "Supporting Files";
			sourceTree = "<group>";
		};
/* End PBXGroup section */

/* Begin PBXNativeTarget section */
		0021D1B2187AA04C009D95D7 /* day8_178p_tableViewCellDeleteTest */ = {
			isa = PBXNativeTarget;
			buildConfigurationList = 0021D1E5187AA04C009D95D7 /* Build configuration list for PBXNativeTarget "day8_178p_tableViewCellDeleteTest" */;
			buildPhases = (
				0021D1AF187AA04C009D95D7 /* Sources */,
				0021D1B0187AA04C009D95D7 /* Frameworks */,
				0021D1B1187AA04C009D95D7 /* Resources */,
			);
			buildRules = (
			);
			dependencies = (
			);
			name = day8_178p_tableViewCellDeleteTest;
			productName = day8_178p_tableViewCellDeleteTest;
			productReference = 0021D1B3187AA04C009D95D7 /* day8_178p_tableViewCellDeleteTest.app */;
			productType = "com.apple.product-type.application";
		};
		0021D1D3187AA04C009D95D7 /* day8_178p_tableViewCellDeleteTestTests */ = {
			isa = PBXNativeTarget;
			buildConfigurationList = 0021D1E8187AA04C009D95D7 /* Build configuration list for PBXNativeTarget "day8_178p_tableViewCellDeleteTestTests" */;
			buildPhases = (
				0021D1D0187AA04C009D95D7 /* Sources */,
				0021D1D1187AA04C009D95D7 /* Frameworks */,
				0021D1D2187AA04C009D95D7 /* Resources */,
			);
			buildRules = (
			);
			dependencies = (
				0021D1DA187AA04C009D95D7 /* PBXTargetDependency */,
			);
			name = day8_178p_tableViewCellDeleteTestTests;
			productName = day8_178p_tableViewCellDeleteTestTests;
			productReference = 0021D1D4187AA04C009D95D7 /* day8_178p_tableViewCellDeleteTestTests.xctest */;
			productType = "com.apple.product-type.bundle.unit-test";
		};
/* End PBXNativeTarget section */

/* Begin PBXProject section */
		0021D1AB187AA04C009D95D7 /* Project object */ = {
			isa = PBXProject;
			attributes = {
				LastUpgradeCheck = 0500;
				ORGANIZATIONNAME = "SDT-1";
				TargetAttributes = {
					0021D1D3187AA04C009D95D7 = {
						TestTargetID = 0021D1B2187AA04C009D95D7;
					};
				};
			};
			buildConfigurationList = 0021D1AE187AA04C009D95D7 /* Build configuration list for PBXProject "day8_178p_tableViewCellDeleteTest" */;
			compatibilityVersion = "Xcode 3.2";
			developmentRegion = English;
			hasScannedForEncodings = 0;
			knownRegions = (
				en,
				Base,
			);
			mainGroup = 0021D1AA187AA04C009D95D7;
			productRefGroup = 0021D1B4187AA04C009D95D7 /* Products */;
			projectDirPath = "";
			projectRoot = "";
			targets = (
				0021D1B2187AA04C009D95D7 /* day8_178p_tableViewCellDeleteTest */,
				0021D1D3187AA04C009D95D7 /* day8_178p_tableViewCellDeleteTestTests */,
			);
		};
/* End PBXProject section */

/* Begin PBXResourcesBuildPhase section */
		0021D1B1187AA04C009D95D7 /* Resources */ = {
			isa = PBXResourcesBuildPhase;
			buildActionMask = 2147483647;
			files = (
				0021D1CF187AA04C009D95D7 /* Images.xcassets in Resources */,
				0021D1C1187AA04C009D95D7 /* InfoPlist.strings in Resources */,
				0021D1CA187AA04C009D95D7 /* Main.storyboard in Resources */,
			);
			runOnlyForDeploymentPostprocessing = 0;
		};
		0021D1D2187AA04C009D95D7 /* Resources */ = {
			isa = PBXResourcesBuildPhase;
			buildActionMask = 2147483647;
			files = (
				0021D1E0187AA04C009D95D7 /* InfoPlist.strings in Resources */,
			);
			runOnlyForDeploymentPostprocessing = 0;
		};
/* End PBXResourcesBuildPhase section */

/* Begin PBXSourcesBuildPhase section */
		0021D1AF187AA04C009D95D7 /* Sources */ = {
			isa = PBXSourcesBuildPhase;
			buildActionMask = 2147483647;
			files = (
				0021D1CD187AA04C009D95D7 /* ViewController.m in Sources */,
				0021D1C7187AA04C009D95D7 /* AppDelegate.m in Sources */,
				0021D1C3187AA04C009D95D7 /* main.m in Sources */,
			);
			runOnlyForDeploymentPostprocessing = 0;
		};
		0021D1D0187AA04C009D95D7 /* Sources */ = {
			isa = PBXSourcesBuildPhase;
			buildActionMask = 2147483647;
			files = (
				0021D1E2187AA04C009D95D7 /* day8_178p_tableViewCellDeleteTestTests.m in Sources */,
			);
			runOnlyForDeploymentPostprocessing = 0;
		};
/* End PBXSourcesBuildPhase section */

/* Begin PBXTargetDependency section */
		0021D1DA187AA04C009D95D7 /* PBXTargetDependency */ = {
			isa = PBXTargetDependency;
			target = 0021D1B2187AA04C009D95D7 /* day8_178p_tableViewCellDeleteTest */;
			targetProxy = 0021D1D9187AA04C009D95D7 /* PBXContainerItemProxy */;
		};
/* End PBXTargetDependency section */

/* Begin PBXVariantGroup section */
		0021D1BF187AA04C009D95D7 /* InfoPlist.strings */ = {
			isa = PBXVariantGroup;
			children = (
				0021D1C0187AA04C009D95D7 /* en */,
			);
			name = InfoPlist.strings;
			sourceTree = "<group>";
		};
		0021D1C8187AA04C009D95D7 /* Main.storyboard */ = {
			isa = PBXVariantGroup;
			children = (
				0021D1C9187AA04C009D95D7 /* Base */,
			);
			name = Main.storyboard;
			sourceTree = "<group>";
		};
		0021D1DE187AA04C009D95D7 /* InfoPlist.strings */ = {
			isa = PBXVariantGroup;
			children = (
				0021D1DF187AA04C009D95D7 /* en */,
			);
			name = InfoPlist.strings;
			sourceTree = "<group>";
		};
/* End PBXVariantGroup section */

/* Begin XCBuildConfiguration section */
		0021D1E3187AA04C009D95D7 /* Debug */ = {
			isa = XCBuildConfiguration;
			buildSettings = {
				ALWAYS_SEARCH_USER_PATHS = NO;
				ARCHS = "$(ARCHS_STANDARD_INCLUDING_64_BIT)";
				CLANG_CXX_LANGUAGE_STANDARD = "gnu++0x";
				CLANG_CXX_LIBRARY = "libc++";
				CLANG_ENABLE_MODULES = YES;
				CLANG_ENABLE_OBJC_ARC = YES;
				CLANG_WARN_BOOL_CONVERSION = YES;
				CLANG_WARN_CONSTANT_CONVERSION = YES;
				CLANG_WARN_DIRECT_OBJC_ISA_USAGE = YES_ERROR;
				CLANG_WARN_EMPTY_BODY = YES;
				CLANG_WARN_ENUM_CONVERSION = YES;
				CLANG_WARN_INT_CONVERSION = YES;
				CLANG_WARN_OBJC_ROOT_CLASS = YES_ERROR;
				CLANG_WARN__DUPLICATE_METHOD_MATCH = YES;
				"CODE_SIGN_IDENTITY[sdk=iphoneos*]" = "iPhone Developer";
				COPY_PHASE_STRIP = NO;
				GCC_C_LANGUAGE_STANDARD = gnu99;
				GCC_DYNAMIC_NO_PIC = NO;
				GCC_OPTIMIZATION_LEVEL = 0;
				GCC_PREPROCESSOR_DEFINITIONS = (
					"DEBUG=1",
					"$(inherited)",
				);
				GCC_SYMBOLS_PRIVATE_EXTERN = NO;
				GCC_WARN_64_TO_32_BIT_CONVERSION = YES;
				GCC_WARN_ABOUT_RETURN_TYPE = YES_ERROR;
				GCC_WARN_UNDECLARED_SELECTOR = YES;
				GCC_WARN_UNINITIALIZED_AUTOS = YES;
				GCC_WARN_UNUSED_FUNCTION = YES;
				GCC_WARN_UNUSED_VARIABLE = YES;
				IPHONEOS_DEPLOYMENT_TARGET = 7.0;
				ONLY_ACTIVE_ARCH = YES;
				SDKROOT = iphoneos;
			};
			name = Debug;
		};
		0021D1E4187AA04C009D95D7 /* Release */ = {
			isa = XCBuildConfiguration;
			buildSettings = {
				ALWAYS_SEARCH_USER_PATHS = NO;
				ARCHS = "$(ARCHS_STANDARD_INCLUDING_64_BIT)";
				CLANG_CXX_LANGUAGE_STANDARD = "gnu++0x";
				CLANG_CXX_LIBRARY = "libc++";
				CLANG_ENABLE_MODULES = YES;
				CLANG_ENABLE_OBJC_ARC = YES;
				CLANG_WARN_BOOL_CONVERSION = YES;
				CLANG_WARN_CONSTANT_CONVERSION = YES;
				CLANG_WARN_DIRECT_OBJC_ISA_USAGE = YES_ERROR;
				CLANG_WARN_EMPTY_BODY = YES;
				CLANG_WARN_ENUM_CONVERSION = YES;
				CLANG_WARN_INT_CONVERSION = YES;
				CLANG_WARN_OBJC_ROOT_CLASS = YES_ERROR;
				CLANG_WARN__DUPLICATE_METHOD_MATCH = YES;
				"CODE_SIGN_IDENTITY[sdk=iphoneos*]" = "iPhone Developer";
				COPY_PHASE_STRIP = YES;
				ENABLE_NS_ASSERTIONS = NO;
				GCC_C_LANGUAGE_STANDARD = gnu99;
				GCC_WARN_64_TO_32_BIT_CONVERSION = YES;
				GCC_WARN_ABOUT_RETURN_TYPE = YES_ERROR;
				GCC_WARN_UNDECLARED_SELECTOR = YES;
				GCC_WARN_UNINITIALIZED_AUTOS = YES;
				GCC_WARN_UNUSED_FUNCTION = YES;
				GCC_WARN_UNUSED_VARIABLE = YES;
				IPHONEOS_DEPLOYMENT_TARGET = 7.0;
				SDKROOT = iphoneos;
				VALIDATE_PRODUCT = YES;
			};
			name = Release;
		};
		0021D1E6187AA04C009D95D7 /* Debug */ = {
			isa = XCBuildConfiguration;
			buildSettings = {
				ASSETCATALOG_COMPILER_APPICON_NAME = AppIcon;
				ASSETCATALOG_COMPILER_LAUNCHIMAGE_NAME = LaunchImage;
				GCC_PRECOMPILE_PREFIX_HEADER = YES;
				GCC_PREFIX_HEADER = "day8_178p_tableViewCellDeleteTest/day8_178p_tableViewCellDeleteTest-Prefix.pch";
				INFOPLIST_FILE = "day8_178p_tableViewCellDeleteTest/day8_178p_tableViewCellDeleteTest-Info.plist";
				PRODUCT_NAME = "$(TARGET_NAME)";
				WRAPPER_EXTENSION = app;
			};
			name = Debug;
		};
		0021D1E7187AA04C009D95D7 /* Release */ = {
			isa = XCBuildConfiguration;
			buildSettings = {
				ASSETCATALOG_COMPILER_APPICON_NAME = AppIcon;
				ASSETCATALOG_COMPILER_LAUNCHIMAGE_NAME = LaunchImage;
				GCC_PRECOMPILE_PREFIX_HEADER = YES;
				GCC_PREFIX_HEADER = "day8_178p_tableViewCellDeleteTest/day8_178p_tableViewCellDeleteTest-Prefix.pch";
				INFOPLIST_FILE = "day8_178p_tableViewCellDeleteTest/day8_178p_tableViewCellDeleteTest-Info.plist";
				PRODUCT_NAME = "$(TARGET_NAME)";
				WRAPPER_EXTENSION = app;
			};
			name = Release;
		};
		0021D1E9187AA04C009D95D7 /* Debug */ = {
			isa = XCBuildConfiguration;
			buildSettings = {
				ARCHS = "$(ARCHS_STANDARD_INCLUDING_64_BIT)";
				BUNDLE_LOADER = "$(BUILT_PRODUCTS_DIR)/day8_178p_tableViewCellDeleteTest.app/day8_178p_tableViewCellDeleteTest";
				FRAMEWORK_SEARCH_PATHS = (
					"$(SDKROOT)/Developer/Library/Frameworks",
					"$(inherited)",
					"$(DEVELOPER_FRAMEWORKS_DIR)",
				);
				GCC_PRECOMPILE_PREFIX_HEADER = YES;
				GCC_PREFIX_HEADER = "day8_178p_tableViewCellDeleteTest/day8_178p_tableViewCellDeleteTest-Prefix.pch";
				GCC_PREPROCESSOR_DEFINITIONS = (
					"DEBUG=1",
					"$(inherited)",
				);
				INFOPLIST_FILE = "day8_178p_tableViewCellDeleteTestTests/day8_178p_tableViewCellDeleteTestTests-Info.plist";
				PRODUCT_NAME = "$(TARGET_NAME)";
				TEST_HOST = "$(BUNDLE_LOADER)";
				WRAPPER_EXTENSION = xctest;
			};
			name = Debug;
		};
		0021D1EA187AA04C009D95D7 /* Release */ = {
			isa = XCBuildConfiguration;
			buildSettings = {
				ARCHS = "$(ARCHS_STANDARD_INCLUDING_64_BIT)";
				BUNDLE_LOADER = "$(BUILT_PRODUCTS_DIR)/day8_178p_tableViewCellDeleteTest.app/day8_178p_tableViewCellDeleteTest";
				FRAMEWORK_SEARCH_PATHS = (
					"$(SDKROOT)/Developer/Library/Frameworks",
					"$(inherited)",
					"$(DEVELOPER_FRAMEWORKS_DIR)",
				);
				GCC_PRECOMPILE_PREFIX_HEADER = YES;
				GCC_PREFIX_HEADER = "day8_178p_tableViewCellDeleteTest/day8_178p_tableViewCellDeleteTest-Prefix.pch";
				INFOPLIST_FILE = "day8_178p_tableViewCellDeleteTestTests/day8_178p_tableViewCellDeleteTestTests-Info.plist";
				PRODUCT_NAME = "$(TARGET_NAME)";
				TEST_HOST = "$(BUNDLE_LOADER)";
				WRAPPER_EXTENSION = xctest;
			};
			name = Release;
		};
/* End XCBuildConfiguration section */

/* Begin XCConfigurationList section */
		0021D1AE187AA04C009D95D7 /* Build configuration list for PBXProject "day8_178p_tableViewCellDeleteTest" */ = {
			isa = XCConfigurationList;
			buildConfigurations = (
				0021D1E3187AA04C009D95D7 /* Debug */,
				0021D1E4187AA04C009D95D7 /* Release */,
			);
			defaultConfigurationIsVisible = 0;
			defaultConfigurationName = Release;
		};
		0021D1E5187AA04C009D95D7 /* Build configuration list for PBXNativeTarget "day8_178p_tableViewCellDeleteTest" */ = {
			isa = XCConfigurationList;
			buildConfigurations = (
				0021D1E6187AA04C009D95D7 /* Debug */,
				0021D1E7187AA04C009D95D7 /* Release */,
			);
			defaultConfigurationIsVisible = 0;
		};
		0021D1E8187AA04C009D95D7 /* Build configuration list for PBXNativeTarget "day8_178p_tableViewCellDeleteTestTests" */ = {
			isa = XCConfigurationList;
			buildConfigurations = (
				0021D1E9187AA04C009D95D7 /* Debug */,
				0021D1EA187AA04C009D95D7 /* Release */,
			);
			defaultConfigurationIsVisible = 0;
		};
/* End XCConfigurationList section */
	};
	rootObject = 0021D1AB187AA04C009D95D7 /* Project object */;
}
