// !$*UTF8*$!
{
	archiveVersion = 1;
	classes = {
	};
	objectVersion = 46;
	objects = {

/* Begin PBXBuildFile section */
		006F0DAD18769EA10023CECB /* Foundation.framework in Frameworks */ = {isa = PBXBuildFile; fileRef = 006F0DAC18769EA10023CECB /* Foundation.framework */; };
		006F0DAF18769EA10023CECB /* CoreGraphics.framework in Frameworks */ = {isa = PBXBuildFile; fileRef = 006F0DAE18769EA10023CECB /* CoreGraphics.framework */; };
		006F0DB118769EA10023CECB /* UIKit.framework in Frameworks */ = {isa = PBXBuildFile; fileRef = 006F0DB018769EA10023CECB /* UIKit.framework */; };
		006F0DB718769EA10023CECB /* InfoPlist.strings in Resources */ = {isa = PBXBuildFile; fileRef = 006F0DB518769EA10023CECB /* InfoPlist.strings */; };
		006F0DB918769EA10023CECB /* main.m in Sources */ = {isa = PBXBuildFile; fileRef = 006F0DB818769EA10023CECB /* main.m */; };
		006F0DBD18769EA10023CECB /* AppDelegate.m in Sources */ = {isa = PBXBuildFile; fileRef = 006F0DBC18769EA10023CECB /* AppDelegate.m */; };
		006F0DC018769EA10023CECB /* Main.storyboard in Resources */ = {isa = PBXBuildFile; fileRef = 006F0DBE18769EA10023CECB /* Main.storyboard */; };
		006F0DC318769EA10023CECB /* ViewController.m in Sources */ = {isa = PBXBuildFile; fileRef = 006F0DC218769EA10023CECB /* ViewController.m */; };
		006F0DC518769EA10023CECB /* Images.xcassets in Resources */ = {isa = PBXBuildFile; fileRef = 006F0DC418769EA10023CECB /* Images.xcassets */; };
		006F0DCC18769EA10023CECB /* XCTest.framework in Frameworks */ = {isa = PBXBuildFile; fileRef = 006F0DCB18769EA10023CECB /* XCTest.framework */; };
		006F0DCD18769EA10023CECB /* Foundation.framework in Frameworks */ = {isa = PBXBuildFile; fileRef = 006F0DAC18769EA10023CECB /* Foundation.framework */; };
		006F0DCE18769EA10023CECB /* UIKit.framework in Frameworks */ = {isa = PBXBuildFile; fileRef = 006F0DB018769EA10023CECB /* UIKit.framework */; };
		006F0DD618769EA10023CECB /* InfoPlist.strings in Resources */ = {isa = PBXBuildFile; fileRef = 006F0DD418769EA10023CECB /* InfoPlist.strings */; };
		006F0DD818769EA10023CECB /* day7_indicatorTestTests.m in Sources */ = {isa = PBXBuildFile; fileRef = 006F0DD718769EA10023CECB /* day7_indicatorTestTests.m */; };
/* End PBXBuildFile section */

/* Begin PBXContainerItemProxy section */
		006F0DCF18769EA10023CECB /* PBXContainerItemProxy */ = {
			isa = PBXContainerItemProxy;
			containerPortal = 006F0DA118769EA10023CECB /* Project object */;
			proxyType = 1;
			remoteGlobalIDString = 006F0DA818769EA10023CECB;
			remoteInfo = day7_indicatorTest;
		};
/* End PBXContainerItemProxy section */

/* Begin PBXFileReference section */
		006F0DA918769EA10023CECB /* day7_indicatorTest.app */ = {isa = PBXFileReference; explicitFileType = wrapper.application; includeInIndex = 0; path = day7_indicatorTest.app; sourceTree = BUILT_PRODUCTS_DIR; };
		006F0DAC18769EA10023CECB /* Foundation.framework */ = {isa = PBXFileReference; lastKnownFileType = wrapper.framework; name = Foundation.framework; path = System/Library/Frameworks/Foundation.framework; sourceTree = SDKROOT; };
		006F0DAE18769EA10023CECB /* CoreGraphics.framework */ = {isa = PBXFileReference; lastKnownFileType = wrapper.framework; name = CoreGraphics.framework; path = System/Library/Frameworks/CoreGraphics.framework; sourceTree = SDKROOT; };
		006F0DB018769EA10023CECB /* UIKit.framework */ = {isa = PBXFileReference; lastKnownFileType = wrapper.framework; name = UIKit.framework; path = System/Library/Frameworks/UIKit.framework; sourceTree = SDKROOT; };
		006F0DB418769EA10023CECB /* day7_indicatorTest-Info.plist */ = {isa = PBXFileReference; lastKnownFileType = text.plist.xml; path = "day7_indicatorTest-Info.plist"; sourceTree = "<group>"; };
		006F0DB618769EA10023CECB /* en */ = {isa = PBXFileReference; lastKnownFileType = text.plist.strings; name = en; path = en.lproj/InfoPlist.strings; sourceTree = "<group>"; };
		006F0DB818769EA10023CECB /* main.m */ = {isa = PBXFileReference; lastKnownFileType = sourcecode.c.objc; path = main.m; sourceTree = "<group>"; };
		006F0DBA18769EA10023CECB /* day7_indicatorTest-Prefix.pch */ = {isa = PBXFileReference; lastKnownFileType = sourcecode.c.h; path = "day7_indicatorTest-Prefix.pch"; sourceTree = "<group>"; };
		006F0DBB18769EA10023CECB /* AppDelegate.h */ = {isa = PBXFileReference; lastKnownFileType = sourcecode.c.h; path = AppDelegate.h; sourceTree = "<group>"; };
		006F0DBC18769EA10023CECB /* AppDelegate.m */ = {isa = PBXFileReference; lastKnownFileType = sourcecode.c.objc; path = AppDelegate.m; sourceTree = "<group>"; };
		006F0DBF18769EA10023CECB /* Base */ = {isa = PBXFileReference; lastKnownFileType = file.storyboard; name = Base; path = Base.lproj/Main.storyboard; sourceTree = "<group>"; };
		006F0DC118769EA10023CECB /* ViewController.h */ = {isa = PBXFileReference; lastKnownFileType = sourcecode.c.h; path = ViewController.h; sourceTree = "<group>"; };
		006F0DC218769EA10023CECB /* ViewController.m */ = {isa = PBXFileReference; lastKnownFileType = sourcecode.c.objc; path = ViewController.m; sourceTree = "<group>"; };
		006F0DC418769EA10023CECB /* Images.xcassets */ = {isa = PBXFileReference; lastKnownFileType = folder.assetcatalog; path = Images.xcassets; sourceTree = "<group>"; };
		006F0DCA18769EA10023CECB /* day7_indicatorTestTests.xctest */ = {isa = PBXFileReference; explicitFileType = wrapper.cfbundle; includeInIndex = 0; path = day7_indicatorTestTests.xctest; sourceTree = BUILT_PRODUCTS_DIR; };
		006F0DCB18769EA10023CECB /* XCTest.framework */ = {isa = PBXFileReference; lastKnownFileType = wrapper.framework; name = XCTest.framework; path = Library/Frameworks/XCTest.framework; sourceTree = DEVELOPER_DIR; };
		006F0DD318769EA10023CECB /* day7_indicatorTestTests-Info.plist */ = {isa = PBXFileReference; lastKnownFileType = text.plist.xml; path = "day7_indicatorTestTests-Info.plist"; sourceTree = "<group>"; };
		006F0DD518769EA10023CECB /* en */ = {isa = PBXFileReference; lastKnownFileType = text.plist.strings; name = en; path = en.lproj/InfoPlist.strings; sourceTree = "<group>"; };
		006F0DD718769EA10023CECB /* day7_indicatorTestTests.m */ = {isa = PBXFileReference; lastKnownFileType = sourcecode.c.objc; path = day7_indicatorTestTests.m; sourceTree = "<group>"; };
/* End PBXFileReference section */

/* Begin PBXFrameworksBuildPhase section */
		006F0DA618769EA10023CECB /* Frameworks */ = {
			isa = PBXFrameworksBuildPhase;
			buildActionMask = 2147483647;
			files = (
				006F0DAF18769EA10023CECB /* CoreGraphics.framework in Frameworks */,
				006F0DB118769EA10023CECB /* UIKit.framework in Frameworks */,
				006F0DAD18769EA10023CECB /* Foundation.framework in Frameworks */,
			);
			runOnlyForDeploymentPostprocessing = 0;
		};
		006F0DC718769EA10023CECB /* Frameworks */ = {
			isa = PBXFrameworksBuildPhase;
			buildActionMask = 2147483647;
			files = (
				006F0DCC18769EA10023CECB /* XCTest.framework in Frameworks */,
				006F0DCE18769EA10023CECB /* UIKit.framework in Frameworks */,
				006F0DCD18769EA10023CECB /* Foundation.framework in Frameworks */,
			);
			runOnlyForDeploymentPostprocessing = 0;
		};
/* End PBXFrameworksBuildPhase section */

/* Begin PBXGroup section */
		006F0DA018769EA10023CECB = {
			isa = PBXGroup;
			children = (
				006F0DB218769EA10023CECB /* day7_indicatorTest */,
				006F0DD118769EA10023CECB /* day7_indicatorTestTests */,
				006F0DAB18769EA10023CECB /* Frameworks */,
				006F0DAA18769EA10023CECB /* Products */,
			);
			sourceTree = "<group>";
		};
		006F0DAA18769EA10023CECB /* Products */ = {
			isa = PBXGroup;
			children = (
				006F0DA918769EA10023CECB /* day7_indicatorTest.app */,
				006F0DCA18769EA10023CECB /* day7_indicatorTestTests.xctest */,
			);
			name = Products;
			sourceTree = "<group>";
		};
		006F0DAB18769EA10023CECB /* Frameworks */ = {
			isa = PBXGroup;
			children = (
				006F0DAC18769EA10023CECB /* Foundation.framework */,
				006F0DAE18769EA10023CECB /* CoreGraphics.framework */,
				006F0DB018769EA10023CECB /* UIKit.framework */,
				006F0DCB18769EA10023CECB /* XCTest.framework */,
			);
			name = Frameworks;
			sourceTree = "<group>";
		};
		006F0DB218769EA10023CECB /* day7_indicatorTest */ = {
			isa = PBXGroup;
			children = (
				006F0DBB18769EA10023CECB /* AppDelegate.h */,
				006F0DBC18769EA10023CECB /* AppDelegate.m */,
				006F0DBE18769EA10023CECB /* Main.storyboard */,
				006F0DC118769EA10023CECB /* ViewController.h */,
				006F0DC218769EA10023CECB /* ViewController.m */,
				006F0DC418769EA10023CECB /* Images.xcassets */,
				006F0DB318769EA10023CECB /* Supporting Files */,
			);
			path = day7_indicatorTest;
			sourceTree = "<group>";
		};
		006F0DB318769EA10023CECB /* Supporting Files */ = {
			isa = PBXGroup;
			children = (
				006F0DB418769EA10023CECB /* day7_indicatorTest-Info.plist */,
				006F0DB518769EA10023CECB /* InfoPlist.strings */,
				006F0DB818769EA10023CECB /* main.m */,
				006F0DBA18769EA10023CECB /* day7_indicatorTest-Prefix.pch */,
			);
			name = "Supporting Files";
			sourceTree = "<group>";
		};
		006F0DD118769EA10023CECB /* day7_indicatorTestTests */ = {
			isa = PBXGroup;
			children = (
				006F0DD718769EA10023CECB /* day7_indicatorTestTests.m */,
				006F0DD218769EA10023CECB /* Supporting Files */,
			);
			path = day7_indicatorTestTests;
			sourceTree = "<group>";
		};
		006F0DD218769EA10023CECB /* Supporting Files */ = {
			isa = PBXGroup;
			children = (
				006F0DD318769EA10023CECB /* day7_indicatorTestTests-Info.plist */,
				006F0DD418769EA10023CECB /* InfoPlist.strings */,
			);
			name = "Supporting Files";
			sourceTree = "<group>";
		};
/* End PBXGroup section */

/* Begin PBXNativeTarget section */
		006F0DA818769EA10023CECB /* day7_indicatorTest */ = {
			isa = PBXNativeTarget;
			buildConfigurationList = 006F0DDB18769EA10023CECB /* Build configuration list for PBXNativeTarget "day7_indicatorTest" */;
			buildPhases = (
				006F0DA518769EA10023CECB /* Sources */,
				006F0DA618769EA10023CECB /* Frameworks */,
				006F0DA718769EA10023CECB /* Resources */,
			);
			buildRules = (
			);
			dependencies = (
			);
			name = day7_indicatorTest;
			productName = day7_indicatorTest;
			productReference = 006F0DA918769EA10023CECB /* day7_indicatorTest.app */;
			productType = "com.apple.product-type.application";
		};
		006F0DC918769EA10023CECB /* day7_indicatorTestTests */ = {
			isa = PBXNativeTarget;
			buildConfigurationList = 006F0DDE18769EA10023CECB /* Build configuration list for PBXNativeTarget "day7_indicatorTestTests" */;
			buildPhases = (
				006F0DC618769EA10023CECB /* Sources */,
				006F0DC718769EA10023CECB /* Frameworks */,
				006F0DC818769EA10023CECB /* Resources */,
			);
			buildRules = (
			);
			dependencies = (
				006F0DD018769EA10023CECB /* PBXTargetDependency */,
			);
			name = day7_indicatorTestTests;
			productName = day7_indicatorTestTests;
			productReference = 006F0DCA18769EA10023CECB /* day7_indicatorTestTests.xctest */;
			productType = "com.apple.product-type.bundle.unit-test";
		};
/* End PBXNativeTarget section */

/* Begin PBXProject section */
		006F0DA118769EA10023CECB /* Project object */ = {
			isa = PBXProject;
			attributes = {
				LastUpgradeCheck = 0500;
				ORGANIZATIONNAME = "SDT-1";
				TargetAttributes = {
					006F0DC918769EA10023CECB = {
						TestTargetID = 006F0DA818769EA10023CECB;
					};
				};
			};
			buildConfigurationList = 006F0DA418769EA10023CECB /* Build configuration list for PBXProject "day7_indicatorTest" */;
			compatibilityVersion = "Xcode 3.2";
			developmentRegion = English;
			hasScannedForEncodings = 0;
			knownRegions = (
				en,
				Base,
			);
			mainGroup = 006F0DA018769EA10023CECB;
			productRefGroup = 006F0DAA18769EA10023CECB /* Products */;
			projectDirPath = "";
			projectRoot = "";
			targets = (
				006F0DA818769EA10023CECB /* day7_indicatorTest */,
				006F0DC918769EA10023CECB /* day7_indicatorTestTests */,
			);
		};
/* End PBXProject section */

/* Begin PBXResourcesBuildPhase section */
		006F0DA718769EA10023CECB /* Resources */ = {
			isa = PBXResourcesBuildPhase;
			buildActionMask = 2147483647;
			files = (
				006F0DC518769EA10023CECB /* Images.xcassets in Resources */,
				006F0DB718769EA10023CECB /* InfoPlist.strings in Resources */,
				006F0DC018769EA10023CECB /* Main.storyboard in Resources */,
			);
			runOnlyForDeploymentPostprocessing = 0;
		};
		006F0DC818769EA10023CECB /* Resources */ = {
			isa = PBXResourcesBuildPhase;
			buildActionMask = 2147483647;
			files = (
				006F0DD618769EA10023CECB /* InfoPlist.strings in Resources */,
			);
			runOnlyForDeploymentPostprocessing = 0;
		};
/* End PBXResourcesBuildPhase section */

/* Begin PBXSourcesBuildPhase section */
		006F0DA518769EA10023CECB /* Sources */ = {
			isa = PBXSourcesBuildPhase;
			buildActionMask = 2147483647;
			files = (
				006F0DC318769EA10023CECB /* ViewController.m in Sources */,
				006F0DBD18769EA10023CECB /* AppDelegate.m in Sources */,
				006F0DB918769EA10023CECB /* main.m in Sources */,
			);
			runOnlyForDeploymentPostprocessing = 0;
		};
		006F0DC618769EA10023CECB /* Sources */ = {
			isa = PBXSourcesBuildPhase;
			buildActionMask = 2147483647;
			files = (
				006F0DD818769EA10023CECB /* day7_indicatorTestTests.m in Sources */,
			);
			runOnlyForDeploymentPostprocessing = 0;
		};
/* End PBXSourcesBuildPhase section */

/* Begin PBXTargetDependency section */
		006F0DD018769EA10023CECB /* PBXTargetDependency */ = {
			isa = PBXTargetDependency;
			target = 006F0DA818769EA10023CECB /* day7_indicatorTest */;
			targetProxy = 006F0DCF18769EA10023CECB /* PBXContainerItemProxy */;
		};
/* End PBXTargetDependency section */

/* Begin PBXVariantGroup section */
		006F0DB518769EA10023CECB /* InfoPlist.strings */ = {
			isa = PBXVariantGroup;
			children = (
				006F0DB618769EA10023CECB /* en */,
			);
			name = InfoPlist.strings;
			sourceTree = "<group>";
		};
		006F0DBE18769EA10023CECB /* Main.storyboard */ = {
			isa = PBXVariantGroup;
			children = (
				006F0DBF18769EA10023CECB /* Base */,
			);
			name = Main.storyboard;
			sourceTree = "<group>";
		};
		006F0DD418769EA10023CECB /* InfoPlist.strings */ = {
			isa = PBXVariantGroup;
			children = (
				006F0DD518769EA10023CECB /* en */,
			);
			name = InfoPlist.strings;
			sourceTree = "<group>";
		};
/* End PBXVariantGroup section */

/* Begin XCBuildConfiguration section */
		006F0DD918769EA10023CECB /* Debug */ = {
			isa = XCBuildConfiguration;
			buildSettings = {
				ALWAYS_SEARCH_USER_PATHS = NO;
				ARCHS = "$(ARCHS_STANDARD_INCLUDING_64_BIT)";
				CLANG_CXX_LANGUAGE_STANDARD = "gnu++0x";
				CLANG_CXX_LIBRARY = "libc++";
				CLANG_ENABLE_MODULES = YES;
				CLANG_ENABLE_OBJC_ARC = YES;
				CLANG_WARN_BOOL_CONVERSION = YES;
				CLANG_WARN_CONSTANT_CONVERSION = YES;
				CLANG_WARN_DIRECT_OBJC_ISA_USAGE = YES_ERROR;
				CLANG_WARN_EMPTY_BODY = YES;
				CLANG_WARN_ENUM_CONVERSION = YES;
				CLANG_WARN_INT_CONVERSION = YES;
				CLANG_WARN_OBJC_ROOT_CLASS = YES_ERROR;
				CLANG_WARN__DUPLICATE_METHOD_MATCH = YES;
				"CODE_SIGN_IDENTITY[sdk=iphoneos*]" = "iPhone Developer";
				COPY_PHASE_STRIP = NO;
				GCC_C_LANGUAGE_STANDARD = gnu99;
				GCC_DYNAMIC_NO_PIC = NO;
				GCC_OPTIMIZATION_LEVEL = 0;
				GCC_PREPROCESSOR_DEFINITIONS = (
					"DEBUG=1",
					"$(inherited)",
				);
				GCC_SYMBOLS_PRIVATE_EXTERN = NO;
				GCC_WARN_64_TO_32_BIT_CONVERSION = YES;
				GCC_WARN_ABOUT_RETURN_TYPE = YES_ERROR;
				GCC_WARN_UNDECLARED_SELECTOR = YES;
				GCC_WARN_UNINITIALIZED_AUTOS = YES;
				GCC_WARN_UNUSED_FUNCTION = YES;
				GCC_WARN_UNUSED_VARIABLE = YES;
				IPHONEOS_DEPLOYMENT_TARGET = 7.0;
				ONLY_ACTIVE_ARCH = YES;
				SDKROOT = iphoneos;
			};
			name = Debug;
		};
		006F0DDA18769EA10023CECB /* Release */ = {
			isa = XCBuildConfiguration;
			buildSettings = {
				ALWAYS_SEARCH_USER_PATHS = NO;
				ARCHS = "$(ARCHS_STANDARD_INCLUDING_64_BIT)";
				CLANG_CXX_LANGUAGE_STANDARD = "gnu++0x";
				CLANG_CXX_LIBRARY = "libc++";
				CLANG_ENABLE_MODULES = YES;
				CLANG_ENABLE_OBJC_ARC = YES;
				CLANG_WARN_BOOL_CONVERSION = YES;
				CLANG_WARN_CONSTANT_CONVERSION = YES;
				CLANG_WARN_DIRECT_OBJC_ISA_USAGE = YES_ERROR;
				CLANG_WARN_EMPTY_BODY = YES;
				CLANG_WARN_ENUM_CONVERSION = YES;
				CLANG_WARN_INT_CONVERSION = YES;
				CLANG_WARN_OBJC_ROOT_CLASS = YES_ERROR;
				CLANG_WARN__DUPLICATE_METHOD_MATCH = YES;
				"CODE_SIGN_IDENTITY[sdk=iphoneos*]" = "iPhone Developer";
				COPY_PHASE_STRIP = YES;
				ENABLE_NS_ASSERTIONS = NO;
				GCC_C_LANGUAGE_STANDARD = gnu99;
				GCC_WARN_64_TO_32_BIT_CONVERSION = YES;
				GCC_WARN_ABOUT_RETURN_TYPE = YES_ERROR;
				GCC_WARN_UNDECLARED_SELECTOR = YES;
				GCC_WARN_UNINITIALIZED_AUTOS = YES;
				GCC_WARN_UNUSED_FUNCTION = YES;
				GCC_WARN_UNUSED_VARIABLE = YES;
				IPHONEOS_DEPLOYMENT_TARGET = 7.0;
				SDKROOT = iphoneos;
				VALIDATE_PRODUCT = YES;
			};
			name = Release;
		};
		006F0DDC18769EA10023CECB /* Debug */ = {
			isa = XCBuildConfiguration;
			buildSettings = {
				ASSETCATALOG_COMPILER_APPICON_NAME = AppIcon;
				ASSETCATALOG_COMPILER_LAUNCHIMAGE_NAME = LaunchImage;
				GCC_PRECOMPILE_PREFIX_HEADER = YES;
				GCC_PREFIX_HEADER = "day7_indicatorTest/day7_indicatorTest-Prefix.pch";
				INFOPLIST_FILE = "day7_indicatorTest/day7_indicatorTest-Info.plist";
				PRODUCT_NAME = "$(TARGET_NAME)";
				WRAPPER_EXTENSION = app;
			};
			name = Debug;
		};
		006F0DDD18769EA10023CECB /* Release */ = {
			isa = XCBuildConfiguration;
			buildSettings = {
				ASSETCATALOG_COMPILER_APPICON_NAME = AppIcon;
				ASSETCATALOG_COMPILER_LAUNCHIMAGE_NAME = LaunchImage;
				GCC_PRECOMPILE_PREFIX_HEADER = YES;
				GCC_PREFIX_HEADER = "day7_indicatorTest/day7_indicatorTest-Prefix.pch";
				INFOPLIST_FILE = "day7_indicatorTest/day7_indicatorTest-Info.plist";
				PRODUCT_NAME = "$(TARGET_NAME)";
				WRAPPER_EXTENSION = app;
			};
			name = Release;
		};
		006F0DDF18769EA10023CECB /* Debug */ = {
			isa = XCBuildConfiguration;
			buildSettings = {
				ARCHS = "$(ARCHS_STANDARD_INCLUDING_64_BIT)";
				BUNDLE_LOADER = "$(BUILT_PRODUCTS_DIR)/day7_indicatorTest.app/day7_indicatorTest";
				FRAMEWORK_SEARCH_PATHS = (
					"$(SDKROOT)/Developer/Library/Frameworks",
					"$(inherited)",
					"$(DEVELOPER_FRAMEWORKS_DIR)",
				);
				GCC_PRECOMPILE_PREFIX_HEADER = YES;
				GCC_PREFIX_HEADER = "day7_indicatorTest/day7_indicatorTest-Prefix.pch";
				GCC_PREPROCESSOR_DEFINITIONS = (
					"DEBUG=1",
					"$(inherited)",
				);
				INFOPLIST_FILE = "day7_indicatorTestTests/day7_indicatorTestTests-Info.plist";
				PRODUCT_NAME = "$(TARGET_NAME)";
				TEST_HOST = "$(BUNDLE_LOADER)";
				WRAPPER_EXTENSION = xctest;
			};
			name = Debug;
		};
		006F0DE018769EA10023CECB /* Release */ = {
			isa = XCBuildConfiguration;
			buildSettings = {
				ARCHS = "$(ARCHS_STANDARD_INCLUDING_64_BIT)";
				BUNDLE_LOADER = "$(BUILT_PRODUCTS_DIR)/day7_indicatorTest.app/day7_indicatorTest";
				FRAMEWORK_SEARCH_PATHS = (
					"$(SDKROOT)/Developer/Library/Frameworks",
					"$(inherited)",
					"$(DEVELOPER_FRAMEWORKS_DIR)",
				);
				GCC_PRECOMPILE_PREFIX_HEADER = YES;
				GCC_PREFIX_HEADER = "day7_indicatorTest/day7_indicatorTest-Prefix.pch";
				INFOPLIST_FILE = "day7_indicatorTestTests/day7_indicatorTestTests-Info.plist";
				PRODUCT_NAME = "$(TARGET_NAME)";
				TEST_HOST = "$(BUNDLE_LOADER)";
				WRAPPER_EXTENSION = xctest;
			};
			name = Release;
		};
/* End XCBuildConfiguration section */

/* Begin XCConfigurationList section */
		006F0DA418769EA10023CECB /* Build configuration list for PBXProject "day7_indicatorTest" */ = {
			isa = XCConfigurationList;
			buildConfigurations = (
				006F0DD918769EA10023CECB /* Debug */,
				006F0DDA18769EA10023CECB /* Release */,
			);
			defaultConfigurationIsVisible = 0;
			defaultConfigurationName = Release;
		};
		006F0DDB18769EA10023CECB /* Build configuration list for PBXNativeTarget "day7_indicatorTest" */ = {
			isa = XCConfigurationList;
			buildConfigurations = (
				006F0DDC18769EA10023CECB /* Debug */,
				006F0DDD18769EA10023CECB /* Release */,
			);
			defaultConfigurationIsVisible = 0;
		};
		006F0DDE18769EA10023CECB /* Build configuration list for PBXNativeTarget "day7_indicatorTestTests" */ = {
			isa = XCConfigurationList;
			buildConfigurations = (
				006F0DDF18769EA10023CECB /* Debug */,
				006F0DE018769EA10023CECB /* Release */,
			);
			defaultConfigurationIsVisible = 0;
		};
/* End XCConfigurationList section */
	};
	rootObject = 006F0DA118769EA10023CECB /* Project object */;
}
