// !$*UTF8*$!
{
	archiveVersion = 1;
	classes = {
	};
	objectVersion = 46;
	objects = {

/* Begin PBXBuildFile section */
		00324E30187CDF9600FF136D /* Foundation.framework in Frameworks */ = {isa = PBXBuildFile; fileRef = 00324E2F187CDF9600FF136D /* Foundation.framework */; };
		00324E32187CDF9600FF136D /* CoreGraphics.framework in Frameworks */ = {isa = PBXBuildFile; fileRef = 00324E31187CDF9600FF136D /* CoreGraphics.framework */; };
		00324E34187CDF9600FF136D /* UIKit.framework in Frameworks */ = {isa = PBXBuildFile; fileRef = 00324E33187CDF9600FF136D /* UIKit.framework */; };
		00324E3A187CDF9600FF136D /* InfoPlist.strings in Resources */ = {isa = PBXBuildFile; fileRef = 00324E38187CDF9600FF136D /* InfoPlist.strings */; };
		00324E3C187CDF9600FF136D /* main.m in Sources */ = {isa = PBXBuildFile; fileRef = 00324E3B187CDF9600FF136D /* main.m */; };
		00324E40187CDF9600FF136D /* AppDelegate.m in Sources */ = {isa = PBXBuildFile; fileRef = 00324E3F187CDF9600FF136D /* AppDelegate.m */; };
		00324E43187CDF9600FF136D /* Main.storyboard in Resources */ = {isa = PBXBuildFile; fileRef = 00324E41187CDF9600FF136D /* Main.storyboard */; };
		00324E46187CDF9600FF136D /* ViewController.m in Sources */ = {isa = PBXBuildFile; fileRef = 00324E45187CDF9600FF136D /* ViewController.m */; };
		00324E48187CDF9600FF136D /* Images.xcassets in Resources */ = {isa = PBXBuildFile; fileRef = 00324E47187CDF9600FF136D /* Images.xcassets */; };
		00324E4F187CDF9600FF136D /* XCTest.framework in Frameworks */ = {isa = PBXBuildFile; fileRef = 00324E4E187CDF9600FF136D /* XCTest.framework */; };
		00324E50187CDF9600FF136D /* Foundation.framework in Frameworks */ = {isa = PBXBuildFile; fileRef = 00324E2F187CDF9600FF136D /* Foundation.framework */; };
		00324E51187CDF9600FF136D /* UIKit.framework in Frameworks */ = {isa = PBXBuildFile; fileRef = 00324E33187CDF9600FF136D /* UIKit.framework */; };
		00324E59187CDF9600FF136D /* InfoPlist.strings in Resources */ = {isa = PBXBuildFile; fileRef = 00324E57187CDF9600FF136D /* InfoPlist.strings */; };
		00324E5B187CDF9600FF136D /* day9_201p_sectionDivisionTests.m in Sources */ = {isa = PBXBuildFile; fileRef = 00324E5A187CDF9600FF136D /* day9_201p_sectionDivisionTests.m */; };
		00324E66187CDFC700FF136D /* Product.m in Sources */ = {isa = PBXBuildFile; fileRef = 00324E65187CDFC700FF136D /* Product.m */; };
		00324E6C187CE04300FF136D /* ProductCell.m in Sources */ = {isa = PBXBuildFile; fileRef = 00324E6B187CE04300FF136D /* ProductCell.m */; };
/* End PBXBuildFile section */

/* Begin PBXContainerItemProxy section */
		00324E52187CDF9600FF136D /* PBXContainerItemProxy */ = {
			isa = PBXContainerItemProxy;
			containerPortal = 00324E24187CDF9600FF136D /* Project object */;
			proxyType = 1;
			remoteGlobalIDString = 00324E2B187CDF9600FF136D;
			remoteInfo = day9_201p_sectionDivision;
		};
/* End PBXContainerItemProxy section */

/* Begin PBXFileReference section */
		00324E2C187CDF9600FF136D /* day9_201p_sectionDivision.app */ = {isa = PBXFileReference; explicitFileType = wrapper.application; includeInIndex = 0; path = day9_201p_sectionDivision.app; sourceTree = BUILT_PRODUCTS_DIR; };
		00324E2F187CDF9600FF136D /* Foundation.framework */ = {isa = PBXFileReference; lastKnownFileType = wrapper.framework; name = Foundation.framework; path = System/Library/Frameworks/Foundation.framework; sourceTree = SDKROOT; };
		00324E31187CDF9600FF136D /* CoreGraphics.framework */ = {isa = PBXFileReference; lastKnownFileType = wrapper.framework; name = CoreGraphics.framework; path = System/Library/Frameworks/CoreGraphics.framework; sourceTree = SDKROOT; };
		00324E33187CDF9600FF136D /* UIKit.framework */ = {isa = PBXFileReference; lastKnownFileType = wrapper.framework; name = UIKit.framework; path = System/Library/Frameworks/UIKit.framework; sourceTree = SDKROOT; };
		00324E37187CDF9600FF136D /* day9_201p_sectionDivision-Info.plist */ = {isa = PBXFileReference; lastKnownFileType = text.plist.xml; path = "day9_201p_sectionDivision-Info.plist"; sourceTree = "<group>"; };
		00324E39187CDF9600FF136D /* en */ = {isa = PBXFileReference; lastKnownFileType = text.plist.strings; name = en; path = en.lproj/InfoPlist.strings; sourceTree = "<group>"; };
		00324E3B187CDF9600FF136D /* main.m */ = {isa = PBXFileReference; lastKnownFileType = sourcecode.c.objc; path = main.m; sourceTree = "<group>"; };
		00324E3D187CDF9600FF136D /* day9_201p_sectionDivision-Prefix.pch */ = {isa = PBXFileReference; lastKnownFileType = sourcecode.c.h; path = "day9_201p_sectionDivision-Prefix.pch"; sourceTree = "<group>"; };
		00324E3E187CDF9600FF136D /* AppDelegate.h */ = {isa = PBXFileReference; lastKnownFileType = sourcecode.c.h; path = AppDelegate.h; sourceTree = "<group>"; };
		00324E3F187CDF9600FF136D /* AppDelegate.m */ = {isa = PBXFileReference; lastKnownFileType = sourcecode.c.objc; path = AppDelegate.m; sourceTree = "<group>"; };
		00324E42187CDF9600FF136D /* Base */ = {isa = PBXFileReference; lastKnownFileType = file.storyboard; name = Base; path = Base.lproj/Main.storyboard; sourceTree = "<group>"; };
		00324E44187CDF9600FF136D /* ViewController.h */ = {isa = PBXFileReference; lastKnownFileType = sourcecode.c.h; path = ViewController.h; sourceTree = "<group>"; };
		00324E45187CDF9600FF136D /* ViewController.m */ = {isa = PBXFileReference; lastKnownFileType = sourcecode.c.objc; path = ViewController.m; sourceTree = "<group>"; };
		00324E47187CDF9600FF136D /* Images.xcassets */ = {isa = PBXFileReference; lastKnownFileType = folder.assetcatalog; path = Images.xcassets; sourceTree = "<group>"; };
		00324E4D187CDF9600FF136D /* day9_201p_sectionDivisionTests.xctest */ = {isa = PBXFileReference; explicitFileType = wrapper.cfbundle; includeInIndex = 0; path = day9_201p_sectionDivisionTests.xctest; sourceTree = BUILT_PRODUCTS_DIR; };
		00324E4E187CDF9600FF136D /* XCTest.framework */ = {isa = PBXFileReference; lastKnownFileType = wrapper.framework; name = XCTest.framework; path = Library/Frameworks/XCTest.framework; sourceTree = DEVELOPER_DIR; };
		00324E56187CDF9600FF136D /* day9_201p_sectionDivisionTests-Info.plist */ = {isa = PBXFileReference; lastKnownFileType = text.plist.xml; path = "day9_201p_sectionDivisionTests-Info.plist"; sourceTree = "<group>"; };
		00324E58187CDF9600FF136D /* en */ = {isa = PBXFileReference; lastKnownFileType = text.plist.strings; name = en; path = en.lproj/InfoPlist.strings; sourceTree = "<group>"; };
		00324E5A187CDF9600FF136D /* day9_201p_sectionDivisionTests.m */ = {isa = PBXFileReference; lastKnownFileType = sourcecode.c.objc; path = day9_201p_sectionDivisionTests.m; sourceTree = "<group>"; };
		00324E64187CDFC700FF136D /* Product.h */ = {isa = PBXFileReference; fileEncoding = 4; lastKnownFileType = sourcecode.c.h; path = Product.h; sourceTree = "<group>"; };
		00324E65187CDFC700FF136D /* Product.m */ = {isa = PBXFileReference; fileEncoding = 4; lastKnownFileType = sourcecode.c.objc; path = Product.m; sourceTree = "<group>"; };
		00324E6A187CE04300FF136D /* ProductCell.h */ = {isa = PBXFileReference; fileEncoding = 4; lastKnownFileType = sourcecode.c.h; path = ProductCell.h; sourceTree = "<group>"; };
		00324E6B187CE04300FF136D /* ProductCell.m */ = {isa = PBXFileReference; fileEncoding = 4; lastKnownFileType = sourcecode.c.objc; path = ProductCell.m; sourceTree = "<group>"; };
		00324EBD187CEB3900FF136D /* CartDelegate.h */ = {isa = PBXFileReference; lastKnownFileType = sourcecode.c.h; path = CartDelegate.h; sourceTree = "<group>"; };
/* End PBXFileReference section */

/* Begin PBXFrameworksBuildPhase section */
		00324E29187CDF9600FF136D /* Frameworks */ = {
			isa = PBXFrameworksBuildPhase;
			buildActionMask = 2147483647;
			files = (
				00324E32187CDF9600FF136D /* CoreGraphics.framework in Frameworks */,
				00324E34187CDF9600FF136D /* UIKit.framework in Frameworks */,
				00324E30187CDF9600FF136D /* Foundation.framework in Frameworks */,
			);
			runOnlyForDeploymentPostprocessing = 0;
		};
		00324E4A187CDF9600FF136D /* Frameworks */ = {
			isa = PBXFrameworksBuildPhase;
			buildActionMask = 2147483647;
			files = (
				00324E4F187CDF9600FF136D /* XCTest.framework in Frameworks */,
				00324E51187CDF9600FF136D /* UIKit.framework in Frameworks */,
				00324E50187CDF9600FF136D /* Foundation.framework in Frameworks */,
			);
			runOnlyForDeploymentPostprocessing = 0;
		};
/* End PBXFrameworksBuildPhase section */

/* Begin PBXGroup section */
		00324E23187CDF9600FF136D = {
			isa = PBXGroup;
			children = (
				00324E35187CDF9600FF136D /* day9_201p_sectionDivision */,
				00324E54187CDF9600FF136D /* day9_201p_sectionDivisionTests */,
				00324E2E187CDF9600FF136D /* Frameworks */,
				00324E2D187CDF9600FF136D /* Products */,
			);
			sourceTree = "<group>";
		};
		00324E2D187CDF9600FF136D /* Products */ = {
			isa = PBXGroup;
			children = (
				00324E2C187CDF9600FF136D /* day9_201p_sectionDivision.app */,
				00324E4D187CDF9600FF136D /* day9_201p_sectionDivisionTests.xctest */,
			);
			name = Products;
			sourceTree = "<group>";
		};
		00324E2E187CDF9600FF136D /* Frameworks */ = {
			isa = PBXGroup;
			children = (
				00324E2F187CDF9600FF136D /* Foundation.framework */,
				00324E31187CDF9600FF136D /* CoreGraphics.framework */,
				00324E33187CDF9600FF136D /* UIKit.framework */,
				00324E4E187CDF9600FF136D /* XCTest.framework */,
			);
			name = Frameworks;
			sourceTree = "<group>";
		};
		00324E35187CDF9600FF136D /* day9_201p_sectionDivision */ = {
			isa = PBXGroup;
			children = (
				00324E3E187CDF9600FF136D /* AppDelegate.h */,
				00324E3F187CDF9600FF136D /* AppDelegate.m */,
				00324E41187CDF9600FF136D /* Main.storyboard */,
				00324E44187CDF9600FF136D /* ViewController.h */,
				00324E45187CDF9600FF136D /* ViewController.m */,
				00324E47187CDF9600FF136D /* Images.xcassets */,
				00324E36187CDF9600FF136D /* Supporting Files */,
				00324E64187CDFC700FF136D /* Product.h */,
				00324E65187CDFC700FF136D /* Product.m */,
				00324E6A187CE04300FF136D /* ProductCell.h */,
				00324E6B187CE04300FF136D /* ProductCell.m */,
				00324EBD187CEB3900FF136D /* CartDelegate.h */,
			);
			path = day9_201p_sectionDivision;
			sourceTree = "<group>";
		};
		00324E36187CDF9600FF136D /* Supporting Files */ = {
			isa = PBXGroup;
			children = (
				00324E37187CDF9600FF136D /* day9_201p_sectionDivision-Info.plist */,
				00324E38187CDF9600FF136D /* InfoPlist.strings */,
				00324E3B187CDF9600FF136D /* main.m */,
				00324E3D187CDF9600FF136D /* day9_201p_sectionDivision-Prefix.pch */,
			);
			name = "Supporting Files";
			sourceTree = "<group>";
		};
		00324E54187CDF9600FF136D /* day9_201p_sectionDivisionTests */ = {
			isa = PBXGroup;
			children = (
				00324E5A187CDF9600FF136D /* day9_201p_sectionDivisionTests.m */,
				00324E55187CDF9600FF136D /* Supporting Files */,
			);
			path = day9_201p_sectionDivisionTests;
			sourceTree = "<group>";
		};
		00324E55187CDF9600FF136D /* Supporting Files */ = {
			isa = PBXGroup;
			children = (
				00324E56187CDF9600FF136D /* day9_201p_sectionDivisionTests-Info.plist */,
				00324E57187CDF9600FF136D /* InfoPlist.strings */,
			);
			name = "Supporting Files";
			sourceTree = "<group>";
		};
/* End PBXGroup section */

/* Begin PBXNativeTarget section */
		00324E2B187CDF9600FF136D /* day9_201p_sectionDivision */ = {
			isa = PBXNativeTarget;
			buildConfigurationList = 00324E5E187CDF9600FF136D /* Build configuration list for PBXNativeTarget "day9_201p_sectionDivision" */;
			buildPhases = (
				00324E28187CDF9600FF136D /* Sources */,
				00324E29187CDF9600FF136D /* Frameworks */,
				00324E2A187CDF9600FF136D /* Resources */,
			);
			buildRules = (
			);
			dependencies = (
			);
			name = day9_201p_sectionDivision;
			productName = day9_201p_sectionDivision;
			productReference = 00324E2C187CDF9600FF136D /* day9_201p_sectionDivision.app */;
			productType = "com.apple.product-type.application";
		};
		00324E4C187CDF9600FF136D /* day9_201p_sectionDivisionTests */ = {
			isa = PBXNativeTarget;
			buildConfigurationList = 00324E61187CDF9600FF136D /* Build configuration list for PBXNativeTarget "day9_201p_sectionDivisionTests" */;
			buildPhases = (
				00324E49187CDF9600FF136D /* Sources */,
				00324E4A187CDF9600FF136D /* Frameworks */,
				00324E4B187CDF9600FF136D /* Resources */,
			);
			buildRules = (
			);
			dependencies = (
				00324E53187CDF9600FF136D /* PBXTargetDependency */,
			);
			name = day9_201p_sectionDivisionTests;
			productName = day9_201p_sectionDivisionTests;
			productReference = 00324E4D187CDF9600FF136D /* day9_201p_sectionDivisionTests.xctest */;
			productType = "com.apple.product-type.bundle.unit-test";
		};
/* End PBXNativeTarget section */

/* Begin PBXProject section */
		00324E24187CDF9600FF136D /* Project object */ = {
			isa = PBXProject;
			attributes = {
				LastUpgradeCheck = 0500;
				ORGANIZATIONNAME = "SDT-1";
				TargetAttributes = {
					00324E4C187CDF9600FF136D = {
						TestTargetID = 00324E2B187CDF9600FF136D;
					};
				};
			};
			buildConfigurationList = 00324E27187CDF9600FF136D /* Build configuration list for PBXProject "day9_201p_sectionDivision" */;
			compatibilityVersion = "Xcode 3.2";
			developmentRegion = English;
			hasScannedForEncodings = 0;
			knownRegions = (
				en,
				Base,
			);
			mainGroup = 00324E23187CDF9600FF136D;
			productRefGroup = 00324E2D187CDF9600FF136D /* Products */;
			projectDirPath = "";
			projectRoot = "";
			targets = (
				00324E2B187CDF9600FF136D /* day9_201p_sectionDivision */,
				00324E4C187CDF9600FF136D /* day9_201p_sectionDivisionTests */,
			);
		};
/* End PBXProject section */

/* Begin PBXResourcesBuildPhase section */
		00324E2A187CDF9600FF136D /* Resources */ = {
			isa = PBXResourcesBuildPhase;
			buildActionMask = 2147483647;
			files = (
				00324E48187CDF9600FF136D /* Images.xcassets in Resources */,
				00324E3A187CDF9600FF136D /* InfoPlist.strings in Resources */,
				00324E43187CDF9600FF136D /* Main.storyboard in Resources */,
			);
			runOnlyForDeploymentPostprocessing = 0;
		};
		00324E4B187CDF9600FF136D /* Resources */ = {
			isa = PBXResourcesBuildPhase;
			buildActionMask = 2147483647;
			files = (
				00324E59187CDF9600FF136D /* InfoPlist.strings in Resources */,
			);
			runOnlyForDeploymentPostprocessing = 0;
		};
/* End PBXResourcesBuildPhase section */

/* Begin PBXSourcesBuildPhase section */
		00324E28187CDF9600FF136D /* Sources */ = {
			isa = PBXSourcesBuildPhase;
			buildActionMask = 2147483647;
			files = (
				00324E46187CDF9600FF136D /* ViewController.m in Sources */,
				00324E66187CDFC700FF136D /* Product.m in Sources */,
				00324E40187CDF9600FF136D /* AppDelegate.m in Sources */,
				00324E3C187CDF9600FF136D /* main.m in Sources */,
				00324E6C187CE04300FF136D /* ProductCell.m in Sources */,
			);
			runOnlyForDeploymentPostprocessing = 0;
		};
		00324E49187CDF9600FF136D /* Sources */ = {
			isa = PBXSourcesBuildPhase;
			buildActionMask = 2147483647;
			files = (
				00324E5B187CDF9600FF136D /* day9_201p_sectionDivisionTests.m in Sources */,
			);
			runOnlyForDeploymentPostprocessing = 0;
		};
/* End PBXSourcesBuildPhase section */

/* Begin PBXTargetDependency section */
		00324E53187CDF9600FF136D /* PBXTargetDependency */ = {
			isa = PBXTargetDependency;
			target = 00324E2B187CDF9600FF136D /* day9_201p_sectionDivision */;
			targetProxy = 00324E52187CDF9600FF136D /* PBXContainerItemProxy */;
		};
/* End PBXTargetDependency section */

/* Begin PBXVariantGroup section */
		00324E38187CDF9600FF136D /* InfoPlist.strings */ = {
			isa = PBXVariantGroup;
			children = (
				00324E39187CDF9600FF136D /* en */,
			);
			name = InfoPlist.strings;
			sourceTree = "<group>";
		};
		00324E41187CDF9600FF136D /* Main.storyboard */ = {
			isa = PBXVariantGroup;
			children = (
				00324E42187CDF9600FF136D /* Base */,
			);
			name = Main.storyboard;
			sourceTree = "<group>";
		};
		00324E57187CDF9600FF136D /* InfoPlist.strings */ = {
			isa = PBXVariantGroup;
			children = (
				00324E58187CDF9600FF136D /* en */,
			);
			name = InfoPlist.strings;
			sourceTree = "<group>";
		};
/* End PBXVariantGroup section */

/* Begin XCBuildConfiguration section */
		00324E5C187CDF9600FF136D /* Debug */ = {
			isa = XCBuildConfiguration;
			buildSettings = {
				ALWAYS_SEARCH_USER_PATHS = NO;
				ARCHS = "$(ARCHS_STANDARD_INCLUDING_64_BIT)";
				CLANG_CXX_LANGUAGE_STANDARD = "gnu++0x";
				CLANG_CXX_LIBRARY = "libc++";
				CLANG_ENABLE_MODULES = YES;
				CLANG_ENABLE_OBJC_ARC = YES;
				CLANG_WARN_BOOL_CONVERSION = YES;
				CLANG_WARN_CONSTANT_CONVERSION = YES;
				CLANG_WARN_DIRECT_OBJC_ISA_USAGE = YES_ERROR;
				CLANG_WARN_EMPTY_BODY = YES;
				CLANG_WARN_ENUM_CONVERSION = YES;
				CLANG_WARN_INT_CONVERSION = YES;
				CLANG_WARN_OBJC_ROOT_CLASS = YES_ERROR;
				CLANG_WARN__DUPLICATE_METHOD_MATCH = YES;
				"CODE_SIGN_IDENTITY[sdk=iphoneos*]" = "iPhone Developer";
				COPY_PHASE_STRIP = NO;
				GCC_C_LANGUAGE_STANDARD = gnu99;
				GCC_DYNAMIC_NO_PIC = NO;
				GCC_OPTIMIZATION_LEVEL = 0;
				GCC_PREPROCESSOR_DEFINITIONS = (
					"DEBUG=1",
					"$(inherited)",
				);
				GCC_SYMBOLS_PRIVATE_EXTERN = NO;
				GCC_WARN_64_TO_32_BIT_CONVERSION = YES;
				GCC_WARN_ABOUT_RETURN_TYPE = YES_ERROR;
				GCC_WARN_UNDECLARED_SELECTOR = YES;
				GCC_WARN_UNINITIALIZED_AUTOS = YES;
				GCC_WARN_UNUSED_FUNCTION = YES;
				GCC_WARN_UNUSED_VARIABLE = YES;
				IPHONEOS_DEPLOYMENT_TARGET = 7.0;
				ONLY_ACTIVE_ARCH = YES;
				SDKROOT = iphoneos;
			};
			name = Debug;
		};
		00324E5D187CDF9600FF136D /* Release */ = {
			isa = XCBuildConfiguration;
			buildSettings = {
				ALWAYS_SEARCH_USER_PATHS = NO;
				ARCHS = "$(ARCHS_STANDARD_INCLUDING_64_BIT)";
				CLANG_CXX_LANGUAGE_STANDARD = "gnu++0x";
				CLANG_CXX_LIBRARY = "libc++";
				CLANG_ENABLE_MODULES = YES;
				CLANG_ENABLE_OBJC_ARC = YES;
				CLANG_WARN_BOOL_CONVERSION = YES;
				CLANG_WARN_CONSTANT_CONVERSION = YES;
				CLANG_WARN_DIRECT_OBJC_ISA_USAGE = YES_ERROR;
				CLANG_WARN_EMPTY_BODY = YES;
				CLANG_WARN_ENUM_CONVERSION = YES;
				CLANG_WARN_INT_CONVERSION = YES;
				CLANG_WARN_OBJC_ROOT_CLASS = YES_ERROR;
				CLANG_WARN__DUPLICATE_METHOD_MATCH = YES;
				"CODE_SIGN_IDENTITY[sdk=iphoneos*]" = "iPhone Developer";
				COPY_PHASE_STRIP = YES;
				ENABLE_NS_ASSERTIONS = NO;
				GCC_C_LANGUAGE_STANDARD = gnu99;
				GCC_WARN_64_TO_32_BIT_CONVERSION = YES;
				GCC_WARN_ABOUT_RETURN_TYPE = YES_ERROR;
				GCC_WARN_UNDECLARED_SELECTOR = YES;
				GCC_WARN_UNINITIALIZED_AUTOS = YES;
				GCC_WARN_UNUSED_FUNCTION = YES;
				GCC_WARN_UNUSED_VARIABLE = YES;
				IPHONEOS_DEPLOYMENT_TARGET = 7.0;
				SDKROOT = iphoneos;
				VALIDATE_PRODUCT = YES;
			};
			name = Release;
		};
		00324E5F187CDF9600FF136D /* Debug */ = {
			isa = XCBuildConfiguration;
			buildSettings = {
				ASSETCATALOG_COMPILER_APPICON_NAME = AppIcon;
				ASSETCATALOG_COMPILER_LAUNCHIMAGE_NAME = LaunchImage;
				GCC_PRECOMPILE_PREFIX_HEADER = YES;
				GCC_PREFIX_HEADER = "day9_201p_sectionDivision/day9_201p_sectionDivision-Prefix.pch";
				INFOPLIST_FILE = "day9_201p_sectionDivision/day9_201p_sectionDivision-Info.plist";
				PRODUCT_NAME = "$(TARGET_NAME)";
				WRAPPER_EXTENSION = app;
			};
			name = Debug;
		};
		00324E60187CDF9600FF136D /* Release */ = {
			isa = XCBuildConfiguration;
			buildSettings = {
				ASSETCATALOG_COMPILER_APPICON_NAME = AppIcon;
				ASSETCATALOG_COMPILER_LAUNCHIMAGE_NAME = LaunchImage;
				GCC_PRECOMPILE_PREFIX_HEADER = YES;
				GCC_PREFIX_HEADER = "day9_201p_sectionDivision/day9_201p_sectionDivision-Prefix.pch";
				INFOPLIST_FILE = "day9_201p_sectionDivision/day9_201p_sectionDivision-Info.plist";
				PRODUCT_NAME = "$(TARGET_NAME)";
				WRAPPER_EXTENSION = app;
			};
			name = Release;
		};
		00324E62187CDF9600FF136D /* Debug */ = {
			isa = XCBuildConfiguration;
			buildSettings = {
				ARCHS = "$(ARCHS_STANDARD_INCLUDING_64_BIT)";
				BUNDLE_LOADER = "$(BUILT_PRODUCTS_DIR)/day9_201p_sectionDivision.app/day9_201p_sectionDivision";
				FRAMEWORK_SEARCH_PATHS = (
					"$(SDKROOT)/Developer/Library/Frameworks",
					"$(inherited)",
					"$(DEVELOPER_FRAMEWORKS_DIR)",
				);
				GCC_PRECOMPILE_PREFIX_HEADER = YES;
				GCC_PREFIX_HEADER = "day9_201p_sectionDivision/day9_201p_sectionDivision-Prefix.pch";
				GCC_PREPROCESSOR_DEFINITIONS = (
					"DEBUG=1",
					"$(inherited)",
				);
				INFOPLIST_FILE = "day9_201p_sectionDivisionTests/day9_201p_sectionDivisionTests-Info.plist";
				PRODUCT_NAME = "$(TARGET_NAME)";
				TEST_HOST = "$(BUNDLE_LOADER)";
				WRAPPER_EXTENSION = xctest;
			};
			name = Debug;
		};
		00324E63187CDF9600FF136D /* Release */ = {
			isa = XCBuildConfiguration;
			buildSettings = {
				ARCHS = "$(ARCHS_STANDARD_INCLUDING_64_BIT)";
				BUNDLE_LOADER = "$(BUILT_PRODUCTS_DIR)/day9_201p_sectionDivision.app/day9_201p_sectionDivision";
				FRAMEWORK_SEARCH_PATHS = (
					"$(SDKROOT)/Developer/Library/Frameworks",
					"$(inherited)",
					"$(DEVELOPER_FRAMEWORKS_DIR)",
				);
				GCC_PRECOMPILE_PREFIX_HEADER = YES;
				GCC_PREFIX_HEADER = "day9_201p_sectionDivision/day9_201p_sectionDivision-Prefix.pch";
				INFOPLIST_FILE = "day9_201p_sectionDivisionTests/day9_201p_sectionDivisionTests-Info.plist";
				PRODUCT_NAME = "$(TARGET_NAME)";
				TEST_HOST = "$(BUNDLE_LOADER)";
				WRAPPER_EXTENSION = xctest;
			};
			name = Release;
		};
/* End XCBuildConfiguration section */

/* Begin XCConfigurationList section */
		00324E27187CDF9600FF136D /* Build configuration list for PBXProject "day9_201p_sectionDivision" */ = {
			isa = XCConfigurationList;
			buildConfigurations = (
				00324E5C187CDF9600FF136D /* Debug */,
				00324E5D187CDF9600FF136D /* Release */,
			);
			defaultConfigurationIsVisible = 0;
			defaultConfigurationName = Release;
		};
		00324E5E187CDF9600FF136D /* Build configuration list for PBXNativeTarget "day9_201p_sectionDivision" */ = {
			isa = XCConfigurationList;
			buildConfigurations = (
				00324E5F187CDF9600FF136D /* Debug */,
				00324E60187CDF9600FF136D /* Release */,
			);
			defaultConfigurationIsVisible = 0;
		};
		00324E61187CDF9600FF136D /* Build configuration list for PBXNativeTarget "day9_201p_sectionDivisionTests" */ = {
			isa = XCConfigurationList;
			buildConfigurations = (
				00324E62187CDF9600FF136D /* Debug */,
				00324E63187CDF9600FF136D /* Release */,
			);
			defaultConfigurationIsVisible = 0;
		};
/* End XCConfigurationList section */
	};
	rootObject = 00324E24187CDF9600FF136D /* Project object */;
}
